// !$*UTF8*$!
{
	archiveVersion = 1;
	classes = {
	};
	objectVersion = 55;
	objects = {

/* Begin PBXBuildFile section */
		0102516B2926EEF400908D62 /* Kingfisher in Frameworks */ = {isa = PBXBuildFile; productRef = 0102516A2926EEF400908D62 /* Kingfisher */; };
		0102516D2926F39E00908D62 /* User.swift in Sources */ = {isa = PBXBuildFile; fileRef = 0102516C2926F39E00908D62 /* User.swift */; };
		0102516F2926F58900908D62 /* Constants.swift in Sources */ = {isa = PBXBuildFile; fileRef = 0102516E2926F58900908D62 /* Constants.swift */; };
		010B6B8E2915B3B800A13DC8 /* AuthViewModel.swift in Sources */ = {isa = PBXBuildFile; fileRef = 010B6B8D2915B3B800A13DC8 /* AuthViewModel.swift */; };
		0116A8DC28C3B9800050780B /* UserCell.swift in Sources */ = {isa = PBXBuildFile; fileRef = 0116A8DB28C3B9800050780B /* UserCell.swift */; };
		0116A8DF28C3BE390050780B /* RecordPostView.swift in Sources */ = {isa = PBXBuildFile; fileRef = 0116A8DE28C3BE390050780B /* RecordPostView.swift */; };
		0116A8E128C3BEB60050780B /* SearchView.swift in Sources */ = {isa = PBXBuildFile; fileRef = 0116A8E028C3BEB60050780B /* SearchView.swift */; };
		0121566B2953ACD000C7D4DC /* Helper.swift in Sources */ = {isa = PBXBuildFile; fileRef = 0121566A2953ACD000C7D4DC /* Helper.swift */; };
		0121566D2953AD3100C7D4DC /* RecordingDataModel.swift in Sources */ = {isa = PBXBuildFile; fileRef = 0121566C2953AD3100C7D4DC /* RecordingDataModel.swift */; };
		012156702953ADD600C7D4DC /* AudioRecorderViewModel.swift in Sources */ = {isa = PBXBuildFile; fileRef = 0121566F2953ADD600C7D4DC /* AudioRecorderViewModel.swift */; };
		012156722953AF3B00C7D4DC /* PreviewAudioPlayerViewModel.swift in Sources */ = {isa = PBXBuildFile; fileRef = 012156712953AF3B00C7D4DC /* PreviewAudioPlayerViewModel.swift */; };
		012156742953B01D00C7D4DC /* ConcatenateAudioFiles.swift in Sources */ = {isa = PBXBuildFile; fileRef = 012156732953B01D00C7D4DC /* ConcatenateAudioFiles.swift */; };
		012156762953B1FC00C7D4DC /* RecordingsList.swift in Sources */ = {isa = PBXBuildFile; fileRef = 012156752953B1FC00C7D4DC /* RecordingsList.swift */; };
		0130F5362929808D0033BC32 /* LargeUserCell.swift in Sources */ = {isa = PBXBuildFile; fileRef = 0130F5352929808D0033BC32 /* LargeUserCell.swift */; };
		0130F538292981A80033BC32 /* SearchViewModel.swift in Sources */ = {isa = PBXBuildFile; fileRef = 0130F537292981A80033BC32 /* SearchViewModel.swift */; };
		01473BFF29232058004E0429 /* ImageUploader.swift in Sources */ = {isa = PBXBuildFile; fileRef = 01473BFE29232058004E0429 /* ImageUploader.swift */; };
		0149DAEA29B438E900633CAC /* PostViewModel.swift in Sources */ = {isa = PBXBuildFile; fileRef = 0149DAE929B438E900633CAC /* PostViewModel.swift */; };
		0149DAF429B7DCFE00633CAC /* UserCardOptions.swift in Sources */ = {isa = PBXBuildFile; fileRef = 0149DAF329B7DCFE00633CAC /* UserCardOptions.swift */; };
		0149DAF829BBC0A100633CAC /* PlayerLikeListenCell.swift in Sources */ = {isa = PBXBuildFile; fileRef = 0149DAF729BBC0A100633CAC /* PlayerLikeListenCell.swift */; };
		014BA7E62991A65600370AE3 /* AudioStreaming in Frameworks */ = {isa = PBXBuildFile; productRef = 014BA7E52991A65600370AE3 /* AudioStreaming */; };
		014BA7E82991A9A400370AE3 /* AudioManager.swift in Sources */ = {isa = PBXBuildFile; fileRef = 014BA7E72991A9A400370AE3 /* AudioManager.swift */; };
		014BA7EB2992CEC700370AE3 /* AudioKit in Frameworks */ = {isa = PBXBuildFile; productRef = 014BA7EA2992CEC700370AE3 /* AudioKit */; };
		014BA7FC299ADA2000370AE3 /* MP3Converter.swift in Sources */ = {isa = PBXBuildFile; fileRef = 014BA7FB299ADA2000370AE3 /* MP3Converter.swift */; };
		014DF97F28D17EBC00E6A754 /* SearchBar.swift in Sources */ = {isa = PBXBuildFile; fileRef = 014DF97E28D17EBC00E6A754 /* SearchBar.swift */; };
		014DF98128D1807500E6A754 /* Extensions.swift in Sources */ = {isa = PBXBuildFile; fileRef = 014DF98028D1807500E6A754 /* Extensions.swift */; };
		014DF98328D29EF000E6A754 /* UserListView.swift in Sources */ = {isa = PBXBuildFile; fileRef = 014DF98228D29EF000E6A754 /* UserListView.swift */; };
		014DF98928D3A78300E6A754 /* NotificationsView.swift in Sources */ = {isa = PBXBuildFile; fileRef = 014DF98828D3A78300E6A754 /* NotificationsView.swift */; };
		014DF98B28D3A7C900E6A754 /* NotificationCell.swift in Sources */ = {isa = PBXBuildFile; fileRef = 014DF98A28D3A7C900E6A754 /* NotificationCell.swift */; };
		014DF98D28D3AC8C00E6A754 /* HighlightsView.swift in Sources */ = {isa = PBXBuildFile; fileRef = 014DF98C28D3AC8C00E6A754 /* HighlightsView.swift */; };
		014DF98F28D3B7D400E6A754 /* HighlightCell.swift in Sources */ = {isa = PBXBuildFile; fileRef = 014DF98E28D3B7D300E6A754 /* HighlightCell.swift */; };
		014DF99128D4D17D00E6A754 /* CategoryCell.swift in Sources */ = {isa = PBXBuildFile; fileRef = 014DF99028D4D17D00E6A754 /* CategoryCell.swift */; };
		014DF99328D4DE8400E6A754 /* CategoryGridView.swift in Sources */ = {isa = PBXBuildFile; fileRef = 014DF99228D4DE8400E6A754 /* CategoryGridView.swift */; };
		014DF99528D4FF9A00E6A754 /* UserStatView.swift in Sources */ = {isa = PBXBuildFile; fileRef = 014DF99428D4FF9A00E6A754 /* UserStatView.swift */; };
		014DF99728D5000E00E6A754 /* ProfileHeaderView.swift in Sources */ = {isa = PBXBuildFile; fileRef = 014DF99628D5000E00E6A754 /* ProfileHeaderView.swift */; };
		014DF99928D5006200E6A754 /* ProfileActionButtonView.swift in Sources */ = {isa = PBXBuildFile; fileRef = 014DF99828D5006200E6A754 /* ProfileActionButtonView.swift */; };
		0156E2572B34DA3E00E0BAA4 /* PhoneLoginView.swift in Sources */ = {isa = PBXBuildFile; fileRef = 0156E2562B34DA3E00E0BAA4 /* PhoneLoginView.swift */; };
		0156E25B2B352DAA00E0BAA4 /* CountryCodes.swift in Sources */ = {isa = PBXBuildFile; fileRef = 0156E25A2B352DAA00E0BAA4 /* CountryCodes.swift */; };
		0156E25D2B353EC400E0BAA4 /* PhoneVerificationView.swift in Sources */ = {isa = PBXBuildFile; fileRef = 0156E25C2B353EC400E0BAA4 /* PhoneVerificationView.swift */; };
		0156E25F2B3620A600E0BAA4 /* CustomNumPadView.swift in Sources */ = {isa = PBXBuildFile; fileRef = 0156E25E2B3620A600E0BAA4 /* CustomNumPadView.swift */; };
		0156E2612B369D4500E0BAA4 /* AlertView.swift in Sources */ = {isa = PBXBuildFile; fileRef = 0156E2602B369D4500E0BAA4 /* AlertView.swift */; };
		01580D9A2B11A9BC00FEB89A /* BlockSheet.swift in Sources */ = {isa = PBXBuildFile; fileRef = 01580D992B11A9BC00FEB89A /* BlockSheet.swift */; };
		01580D9D2B11B37C00FEB89A /* ReportView.swift in Sources */ = {isa = PBXBuildFile; fileRef = 01580D9C2B11B37C00FEB89A /* ReportView.swift */; };
		01580D9F2B11C21000FEB89A /* SomethingElseReportView.swift in Sources */ = {isa = PBXBuildFile; fileRef = 01580D9E2B11C21000FEB89A /* SomethingElseReportView.swift */; };
		01580DA12B11D24400FEB89A /* UnderAgeReportView.swift in Sources */ = {isa = PBXBuildFile; fileRef = 01580DA02B11D24400FEB89A /* UnderAgeReportView.swift */; };
		01580DA32B13F4B400FEB89A /* ImpersonationReportView.swift in Sources */ = {isa = PBXBuildFile; fileRef = 01580DA22B13F4B400FEB89A /* ImpersonationReportView.swift */; };
		015CE4E3293AA2F50096D35C /* BottomControlsView.swift in Sources */ = {isa = PBXBuildFile; fileRef = 015CE4E2293AA2F50096D35C /* BottomControlsView.swift */; };
		015E087E292EE19700350D13 /* UserService.swift in Sources */ = {isa = PBXBuildFile; fileRef = 015E087D292EE19700350D13 /* UserService.swift */; };
		015E0880292EF48400350D13 /* ProfileViewModel.swift in Sources */ = {isa = PBXBuildFile; fileRef = 015E087F292EF48400350D13 /* ProfileViewModel.swift */; };
		015EC23C2E54281A003A043D /* SignInView.swift in Sources */ = {isa = PBXBuildFile; fileRef = 015EC23B2E542803003A043D /* SignInView.swift */; };
		015EC2402E6D49B3003A043D /* GoogleService-Info.plist in Resources */ = {isa = PBXBuildFile; fileRef = 015EC23F2E6D49B3003A043D /* GoogleService-Info.plist */; };
		016C5A232BE72B26007F4BBF /* LAME.framework.dSYM in Resources */ = {isa = PBXBuildFile; fileRef = 016C5A222BE72B26007F4BBF /* LAME.framework.dSYM */; };
		016C5A2A2BE74724007F4BBF /* FirebaseAnalytics in Frameworks */ = {isa = PBXBuildFile; productRef = 016C5A292BE74724007F4BBF /* FirebaseAnalytics */; };
		016C5A2C2BE74724007F4BBF /* FirebaseAnalyticsOnDeviceConversion in Frameworks */ = {isa = PBXBuildFile; productRef = 016C5A2B2BE74724007F4BBF /* FirebaseAnalyticsOnDeviceConversion */; };
		016C5A302BE74724007F4BBF /* FirebaseAnalyticsWithoutAdIdSupport in Frameworks */ = {isa = PBXBuildFile; productRef = 016C5A2F2BE74724007F4BBF /* FirebaseAnalyticsWithoutAdIdSupport */; };
		016C5A322BE74724007F4BBF /* FirebaseAppCheck in Frameworks */ = {isa = PBXBuildFile; productRef = 016C5A312BE74724007F4BBF /* FirebaseAppCheck */; };
		016C5A342BE74724007F4BBF /* FirebaseAppDistribution-Beta in Frameworks */ = {isa = PBXBuildFile; productRef = 016C5A332BE74724007F4BBF /* FirebaseAppDistribution-Beta */; };
		016C5A362BE74724007F4BBF /* FirebaseAuth in Frameworks */ = {isa = PBXBuildFile; productRef = 016C5A352BE74724007F4BBF /* FirebaseAuth */; };
		016C5A382BE74724007F4BBF /* FirebaseAuthCombine-Community in Frameworks */ = {isa = PBXBuildFile; productRef = 016C5A372BE74724007F4BBF /* FirebaseAuthCombine-Community */; };
		016C5A3A2BE74724007F4BBF /* FirebaseCrashlytics in Frameworks */ = {isa = PBXBuildFile; productRef = 016C5A392BE74724007F4BBF /* FirebaseCrashlytics */; };
		016C5A3C2BE74724007F4BBF /* FirebaseDatabase in Frameworks */ = {isa = PBXBuildFile; productRef = 016C5A3B2BE74724007F4BBF /* FirebaseDatabase */; };
		016C5A402BE74724007F4BBF /* FirebaseDynamicLinks in Frameworks */ = {isa = PBXBuildFile; productRef = 016C5A3F2BE74724007F4BBF /* FirebaseDynamicLinks */; };
		016C5A422BE74724007F4BBF /* FirebaseFirestore in Frameworks */ = {isa = PBXBuildFile; productRef = 016C5A412BE74724007F4BBF /* FirebaseFirestore */; };
		016C5A442BE74724007F4BBF /* FirebaseFirestoreCombine-Community in Frameworks */ = {isa = PBXBuildFile; productRef = 016C5A432BE74724007F4BBF /* FirebaseFirestoreCombine-Community */; };
		016C5A482BE74724007F4BBF /* FirebaseFunctions in Frameworks */ = {isa = PBXBuildFile; productRef = 016C5A472BE74724007F4BBF /* FirebaseFunctions */; };
		016C5A4A2BE74724007F4BBF /* FirebaseFunctionsCombine-Community in Frameworks */ = {isa = PBXBuildFile; productRef = 016C5A492BE74724007F4BBF /* FirebaseFunctionsCombine-Community */; };
		016C5A4C2BE74724007F4BBF /* FirebaseInAppMessaging-Beta in Frameworks */ = {isa = PBXBuildFile; productRef = 016C5A4B2BE74724007F4BBF /* FirebaseInAppMessaging-Beta */; };
		016C5A502BE74724007F4BBF /* FirebaseInstallations in Frameworks */ = {isa = PBXBuildFile; productRef = 016C5A4F2BE74724007F4BBF /* FirebaseInstallations */; };
		016C5A522BE74724007F4BBF /* FirebaseMLModelDownloader in Frameworks */ = {isa = PBXBuildFile; productRef = 016C5A512BE74724007F4BBF /* FirebaseMLModelDownloader */; };
		016C5A542BE74724007F4BBF /* FirebaseMessaging in Frameworks */ = {isa = PBXBuildFile; productRef = 016C5A532BE74724007F4BBF /* FirebaseMessaging */; };
		016C5A562BE74724007F4BBF /* FirebasePerformance in Frameworks */ = {isa = PBXBuildFile; productRef = 016C5A552BE74724007F4BBF /* FirebasePerformance */; };
		016C5A582BE74724007F4BBF /* FirebaseRemoteConfig in Frameworks */ = {isa = PBXBuildFile; productRef = 016C5A572BE74724007F4BBF /* FirebaseRemoteConfig */; };
		016C5A5C2BE74724007F4BBF /* FirebaseStorage in Frameworks */ = {isa = PBXBuildFile; productRef = 016C5A5B2BE74724007F4BBF /* FirebaseStorage */; };
		016C5A5E2BE74724007F4BBF /* FirebaseStorageCombine-Community in Frameworks */ = {isa = PBXBuildFile; productRef = 016C5A5D2BE74724007F4BBF /* FirebaseStorageCombine-Community */; };
		0178E8B82A9E4E4100C2F9D7 /* LazyView.swift in Sources */ = {isa = PBXBuildFile; fileRef = 0178E8B72A9E4E4100C2F9D7 /* LazyView.swift */; };
		0178E8BA2AA42ECC00C2F9D7 /* EditProfileViewModel.swift in Sources */ = {isa = PBXBuildFile; fileRef = 0178E8B92AA42ECC00C2F9D7 /* EditProfileViewModel.swift */; };
		0178E8BC2AA4429800C2F9D7 /* EditProfileView.swift in Sources */ = {isa = PBXBuildFile; fileRef = 0178E8BB2AA4429800C2F9D7 /* EditProfileView.swift */; };
		0180737929EAED6500407ED8 /* Comment.swift in Sources */ = {isa = PBXBuildFile; fileRef = 0180737829EAED6500407ED8 /* Comment.swift */; };
		0180737B29EAF15300407ED8 /* CommentViewModel.swift in Sources */ = {isa = PBXBuildFile; fileRef = 0180737A29EAF15300407ED8 /* CommentViewModel.swift */; };
		0180737D29EAFF4A00407ED8 /* CustomInputView.swift in Sources */ = {isa = PBXBuildFile; fileRef = 0180737C29EAFF4A00407ED8 /* CustomInputView.swift */; };
		01818DBA2970C961008B4EB3 /* Post.swift in Sources */ = {isa = PBXBuildFile; fileRef = 01818DB92970C961008B4EB3 /* Post.swift */; };
		01818DBC2970D06E008B4EB3 /* FeedViewModel.swift in Sources */ = {isa = PBXBuildFile; fileRef = 01818DBB2970D06E008B4EB3 /* FeedViewModel.swift */; };
		018221882AC7A97400045D3D /* DeletePostViewModel.swift in Sources */ = {isa = PBXBuildFile; fileRef = 018221872AC7A97400045D3D /* DeletePostViewModel.swift */; };
		0189DBAB27D7035100956E28 /* CassettaApp.swift in Sources */ = {isa = PBXBuildFile; fileRef = 0189DBAA27D7035100956E28 /* CassettaApp.swift */; };
		0189DBAD27D7035100956E28 /* ContentView.swift in Sources */ = {isa = PBXBuildFile; fileRef = 0189DBAC27D7035100956E28 /* ContentView.swift */; };
		0189DBAF27D7035400956E28 /* Assets.xcassets in Resources */ = {isa = PBXBuildFile; fileRef = 0189DBAE27D7035400956E28 /* Assets.xcassets */; };
		0189DBB227D7035500956E28 /* Preview Assets.xcassets in Resources */ = {isa = PBXBuildFile; fileRef = 0189DBB127D7035400956E28 /* Preview Assets.xcassets */; };
		0189DBBC27DC38EC00956E28 /* Card.swift in Sources */ = {isa = PBXBuildFile; fileRef = 0189DBBB27DC38EC00956E28 /* Card.swift */; };
		0189DBC027E03CBA00956E28 /* ListenLikeCount.swift in Sources */ = {isa = PBXBuildFile; fileRef = 0189DBBF27E03CBA00956E28 /* ListenLikeCount.swift */; };
		018BA10C2CF3B79E0040AF45 /* CropViewController in Frameworks */ = {isa = PBXBuildFile; productRef = 018BA10B2CF3B79E0040AF45 /* CropViewController */; };
		018BA10E2CF3B79E0040AF45 /* TOCropViewController in Frameworks */ = {isa = PBXBuildFile; productRef = 018BA10D2CF3B79E0040AF45 /* TOCropViewController */; };
		018C4A5228516FE70029BEB1 /* ProfileView.swift in Sources */ = {isa = PBXBuildFile; fileRef = 018C4A5128516FE70029BEB1 /* ProfileView.swift */; };
		018C4A54285194870029BEB1 /* Feed.swift in Sources */ = {isa = PBXBuildFile; fileRef = 018C4A53285194870029BEB1 /* Feed.swift */; };
		0190C3C32E8DBBA700B61132 /* LNPopupUI in Frameworks */ = {isa = PBXBuildFile; productRef = 0190C3C22E8DBBA700B61132 /* LNPopupUI */; };
		0190C3C52E8DBBA700B61132 /* LNPopupUI-Static in Frameworks */ = {isa = PBXBuildFile; productRef = 0190C3C42E8DBBA700B61132 /* LNPopupUI-Static */; };
		0198C7D528E9F9E900676189 /* TabBarView.swift in Sources */ = {isa = PBXBuildFile; fileRef = 0198C7D428E9F9E900676189 /* TabBarView.swift */; };
		0198C7D728EA048C00676189 /* CustomSecureField.swift in Sources */ = {isa = PBXBuildFile; fileRef = 0198C7D628EA048C00676189 /* CustomSecureField.swift */; };
		0198C7D928EA080500676189 /* RegistrationView.swift in Sources */ = {isa = PBXBuildFile; fileRef = 0198C7D828EA080500676189 /* RegistrationView.swift */; };
		0198C7DB28EA08C200676189 /* ImagePicker.swift in Sources */ = {isa = PBXBuildFile; fileRef = 0198C7DA28EA08C200676189 /* ImagePicker.swift */; };
		0198C7DD28EA111400676189 /* ForgetPasswordView.swift in Sources */ = {isa = PBXBuildFile; fileRef = 0198C7DC28EA111300676189 /* ForgetPasswordView.swift */; };
		019F62EA2947D15E0045FF39 /* PlayBackPostView.swift in Sources */ = {isa = PBXBuildFile; fileRef = 019F62E92947D15E0045FF39 /* PlayBackPostView.swift */; };
		019F62EC2947D1FA0045FF39 /* DetailPostView.swift in Sources */ = {isa = PBXBuildFile; fileRef = 019F62EB2947D1FA0045FF39 /* DetailPostView.swift */; };
		019F62EE2947E9F40045FF39 /* MultilineTextField.swift in Sources */ = {isa = PBXBuildFile; fileRef = 019F62ED2947E9F40045FF39 /* MultilineTextField.swift */; };
		019F62F02947F8D10045FF39 /* EmailTextField.swift in Sources */ = {isa = PBXBuildFile; fileRef = 019F62EF2947F8D10045FF39 /* EmailTextField.swift */; };
		019F62F22948FBC90045FF39 /* CategoriesView.swift in Sources */ = {isa = PBXBuildFile; fileRef = 019F62F12948FBC90045FF39 /* CategoriesView.swift */; };
		019F62F4294909AA0045FF39 /* StyledButton.swift in Sources */ = {isa = PBXBuildFile; fileRef = 019F62F3294909AA0045FF39 /* StyledButton.swift */; };
		01AA96E62966524900011F52 /* AudioUploader.swift in Sources */ = {isa = PBXBuildFile; fileRef = 01AA96E52966524800011F52 /* AudioUploader.swift */; };
		01AA96E829665C7E00011F52 /* UploadPostViewModel.swift in Sources */ = {isa = PBXBuildFile; fileRef = 01AA96E729665C7E00011F52 /* UploadPostViewModel.swift */; };
		01AEB7F92A6C54F700BEC3E5 /* NotificationCellViewModel.swift in Sources */ = {isa = PBXBuildFile; fileRef = 01AEB7F82A6C54F700BEC3E5 /* NotificationCellViewModel.swift */; };
		01C10D332B2FFBF4002133E9 /* BlockListView.swift in Sources */ = {isa = PBXBuildFile; fileRef = 01C10D322B2FFBF4002133E9 /* BlockListView.swift */; };
		01C10D352B30EB15002133E9 /* UnblockButtonView.swift in Sources */ = {isa = PBXBuildFile; fileRef = 01C10D342B30EB15002133E9 /* UnblockButtonView.swift */; };
		01C42089293AB528003FF2D5 /* PlayerContentView.swift in Sources */ = {isa = PBXBuildFile; fileRef = 01C42088293AB528003FF2D5 /* PlayerContentView.swift */; };
		01C4208B293AB7EA003FF2D5 /* CommentsView.swift in Sources */ = {isa = PBXBuildFile; fileRef = 01C4208A293AB7EA003FF2D5 /* CommentsView.swift */; };
		01C4208D293AC621003FF2D5 /* CommentCell.swift in Sources */ = {isa = PBXBuildFile; fileRef = 01C4208C293AC621003FF2D5 /* CommentCell.swift */; };
		01CD09772A52089F00EAF001 /* Notification.swift in Sources */ = {isa = PBXBuildFile; fileRef = 01CD09762A52089F00EAF001 /* Notification.swift */; };
		01CD09792A5209D800EAF001 /* NotificationsViewModel.swift in Sources */ = {isa = PBXBuildFile; fileRef = 01CD09782A5209D800EAF001 /* NotificationsViewModel.swift */; };
		01D0460A28E9F3A900038C1C /* LoginView.swift in Sources */ = {isa = PBXBuildFile; fileRef = 01D0460928E9F3A900038C1C /* LoginView.swift */; };
		01D0460C28E9F4C200038C1C /* CustomTextField.swift in Sources */ = {isa = PBXBuildFile; fileRef = 01D0460B28E9F4C200038C1C /* CustomTextField.swift */; };
		01D3257A2B2FE621002E4543 /* SettingsView.swift in Sources */ = {isa = PBXBuildFile; fileRef = 01D325792B2FE621002E4543 /* SettingsView.swift */; };
		01DAE9D028DF83E400F61034 /* PlayerView.swift in Sources */ = {isa = PBXBuildFile; fileRef = 01DAE9CF28DF83E400F61034 /* PlayerView.swift */; };
		01F4CDC829A96D6F00FDC7CD /* PostInfoViewModel.swift in Sources */ = {isa = PBXBuildFile; fileRef = 01F4CDC729A96D6F00FDC7CD /* PostInfoViewModel.swift */; };
		01F4CDEB29B186A700FDC7CD /* _FlexibleView.swift in Sources */ = {isa = PBXBuildFile; fileRef = 01F4CDEA29B186A700FDC7CD /* _FlexibleView.swift */; };
		01F4CDED29B186CF00FDC7CD /* FlexibleView.swift in Sources */ = {isa = PBXBuildFile; fileRef = 01F4CDEC29B186CF00FDC7CD /* FlexibleView.swift */; };
		01F847292C7EC774006A0EA9 /* FirebaseAnalytics in Frameworks */ = {isa = PBXBuildFile; productRef = 01F847282C7EC774006A0EA9 /* FirebaseAnalytics */; };
		01F8472B2C7EC774006A0EA9 /* FirebaseAnalyticsOnDeviceConversion in Frameworks */ = {isa = PBXBuildFile; productRef = 01F8472A2C7EC774006A0EA9 /* FirebaseAnalyticsOnDeviceConversion */; };
		01F8472D2C7EC774006A0EA9 /* FirebaseAnalyticsWithoutAdIdSupport in Frameworks */ = {isa = PBXBuildFile; productRef = 01F8472C2C7EC774006A0EA9 /* FirebaseAnalyticsWithoutAdIdSupport */; };
		01F8472F2C7EC774006A0EA9 /* FirebaseAppCheck in Frameworks */ = {isa = PBXBuildFile; productRef = 01F8472E2C7EC774006A0EA9 /* FirebaseAppCheck */; };
		01F847312C7EC774006A0EA9 /* FirebaseAppDistribution-Beta in Frameworks */ = {isa = PBXBuildFile; productRef = 01F847302C7EC774006A0EA9 /* FirebaseAppDistribution-Beta */; };
		01F847332C7EC774006A0EA9 /* FirebaseAuth in Frameworks */ = {isa = PBXBuildFile; productRef = 01F847322C7EC774006A0EA9 /* FirebaseAuth */; };
		01F847352C7EC774006A0EA9 /* FirebaseCrashlytics in Frameworks */ = {isa = PBXBuildFile; productRef = 01F847342C7EC774006A0EA9 /* FirebaseCrashlytics */; };
		01F847372C7EC774006A0EA9 /* FirebaseDatabase in Frameworks */ = {isa = PBXBuildFile; productRef = 01F847362C7EC774006A0EA9 /* FirebaseDatabase */; };
		01F847392C7EC774006A0EA9 /* FirebaseDynamicLinks in Frameworks */ = {isa = PBXBuildFile; productRef = 01F847382C7EC774006A0EA9 /* FirebaseDynamicLinks */; };
		01F8473B2C7EC774006A0EA9 /* FirebaseFirestore in Frameworks */ = {isa = PBXBuildFile; productRef = 01F8473A2C7EC774006A0EA9 /* FirebaseFirestore */; };
		01F8473D2C7EC774006A0EA9 /* FirebaseFunctions in Frameworks */ = {isa = PBXBuildFile; productRef = 01F8473C2C7EC774006A0EA9 /* FirebaseFunctions */; };
		01F8473F2C7EC774006A0EA9 /* FirebaseMessaging in Frameworks */ = {isa = PBXBuildFile; productRef = 01F8473E2C7EC774006A0EA9 /* FirebaseMessaging */; };
		01F847412C7EC774006A0EA9 /* FirebasePerformance in Frameworks */ = {isa = PBXBuildFile; productRef = 01F847402C7EC774006A0EA9 /* FirebasePerformance */; };
		01F847432C7EC774006A0EA9 /* FirebaseRemoteConfig in Frameworks */ = {isa = PBXBuildFile; productRef = 01F847422C7EC774006A0EA9 /* FirebaseRemoteConfig */; };
		01F847452C7EC774006A0EA9 /* FirebaseStorage in Frameworks */ = {isa = PBXBuildFile; productRef = 01F847442C7EC774006A0EA9 /* FirebaseStorage */; };
/* End PBXBuildFile section */

/* Begin PBXFileReference section */
		0102516C2926F39E00908D62 /* User.swift */ = {isa = PBXFileReference; lastKnownFileType = sourcecode.swift; path = User.swift; sourceTree = "<group>"; };
		0102516E2926F58900908D62 /* Constants.swift */ = {isa = PBXFileReference; lastKnownFileType = sourcecode.swift; path = Constants.swift; sourceTree = "<group>"; };
		010B6B8D2915B3B800A13DC8 /* AuthViewModel.swift */ = {isa = PBXFileReference; lastKnownFileType = sourcecode.swift; path = AuthViewModel.swift; sourceTree = "<group>"; };
		0116A8DB28C3B9800050780B /* UserCell.swift */ = {isa = PBXFileReference; lastKnownFileType = sourcecode.swift; path = UserCell.swift; sourceTree = "<group>"; };
		0116A8DE28C3BE390050780B /* RecordPostView.swift */ = {isa = PBXFileReference; lastKnownFileType = sourcecode.swift; path = RecordPostView.swift; sourceTree = "<group>"; };
		0116A8E028C3BEB60050780B /* SearchView.swift */ = {isa = PBXFileReference; lastKnownFileType = sourcecode.swift; path = SearchView.swift; sourceTree = "<group>"; };
		0121566A2953ACD000C7D4DC /* Helper.swift */ = {isa = PBXFileReference; lastKnownFileType = sourcecode.swift; path = Helper.swift; sourceTree = "<group>"; };
		0121566C2953AD3100C7D4DC /* RecordingDataModel.swift */ = {isa = PBXFileReference; lastKnownFileType = sourcecode.swift; path = RecordingDataModel.swift; sourceTree = "<group>"; };
		0121566F2953ADD600C7D4DC /* AudioRecorderViewModel.swift */ = {isa = PBXFileReference; lastKnownFileType = sourcecode.swift; path = AudioRecorderViewModel.swift; sourceTree = "<group>"; };
		012156712953AF3B00C7D4DC /* PreviewAudioPlayerViewModel.swift */ = {isa = PBXFileReference; lastKnownFileType = sourcecode.swift; path = PreviewAudioPlayerViewModel.swift; sourceTree = "<group>"; };
		012156732953B01D00C7D4DC /* ConcatenateAudioFiles.swift */ = {isa = PBXFileReference; lastKnownFileType = sourcecode.swift; path = ConcatenateAudioFiles.swift; sourceTree = "<group>"; };
		012156752953B1FC00C7D4DC /* RecordingsList.swift */ = {isa = PBXFileReference; lastKnownFileType = sourcecode.swift; path = RecordingsList.swift; sourceTree = "<group>"; };
		0130F5352929808D0033BC32 /* LargeUserCell.swift */ = {isa = PBXFileReference; lastKnownFileType = sourcecode.swift; path = LargeUserCell.swift; sourceTree = "<group>"; };
		0130F537292981A80033BC32 /* SearchViewModel.swift */ = {isa = PBXFileReference; lastKnownFileType = sourcecode.swift; path = SearchViewModel.swift; sourceTree = "<group>"; };
		01473BFE29232058004E0429 /* ImageUploader.swift */ = {isa = PBXFileReference; lastKnownFileType = sourcecode.swift; path = ImageUploader.swift; sourceTree = "<group>"; };
		0149DAE929B438E900633CAC /* PostViewModel.swift */ = {isa = PBXFileReference; lastKnownFileType = sourcecode.swift; path = PostViewModel.swift; sourceTree = "<group>"; };
		0149DAF329B7DCFE00633CAC /* UserCardOptions.swift */ = {isa = PBXFileReference; lastKnownFileType = sourcecode.swift; path = UserCardOptions.swift; sourceTree = "<group>"; };
		0149DAF729BBC0A100633CAC /* PlayerLikeListenCell.swift */ = {isa = PBXFileReference; lastKnownFileType = sourcecode.swift; path = PlayerLikeListenCell.swift; sourceTree = "<group>"; };
		014BA7E72991A9A400370AE3 /* AudioManager.swift */ = {isa = PBXFileReference; lastKnownFileType = sourcecode.swift; path = AudioManager.swift; sourceTree = "<group>"; };
		014BA7F9299ABBB900370AE3 /* AudioToolbox.framework */ = {isa = PBXFileReference; lastKnownFileType = wrapper.framework; name = AudioToolbox.framework; path = System/Library/Frameworks/AudioToolbox.framework; sourceTree = SDKROOT; };
		014BA7FB299ADA2000370AE3 /* MP3Converter.swift */ = {isa = PBXFileReference; lastKnownFileType = sourcecode.swift; path = MP3Converter.swift; sourceTree = "<group>"; };
		014DF97E28D17EBC00E6A754 /* SearchBar.swift */ = {isa = PBXFileReference; lastKnownFileType = sourcecode.swift; path = SearchBar.swift; sourceTree = "<group>"; };
		014DF98028D1807500E6A754 /* Extensions.swift */ = {isa = PBXFileReference; lastKnownFileType = sourcecode.swift; path = Extensions.swift; sourceTree = "<group>"; };
		014DF98228D29EF000E6A754 /* UserListView.swift */ = {isa = PBXFileReference; lastKnownFileType = sourcecode.swift; path = UserListView.swift; sourceTree = "<group>"; };
		014DF98828D3A78300E6A754 /* NotificationsView.swift */ = {isa = PBXFileReference; lastKnownFileType = sourcecode.swift; path = NotificationsView.swift; sourceTree = "<group>"; };
		014DF98A28D3A7C900E6A754 /* NotificationCell.swift */ = {isa = PBXFileReference; lastKnownFileType = sourcecode.swift; path = NotificationCell.swift; sourceTree = "<group>"; };
		014DF98C28D3AC8C00E6A754 /* HighlightsView.swift */ = {isa = PBXFileReference; lastKnownFileType = sourcecode.swift; path = HighlightsView.swift; sourceTree = "<group>"; };
		014DF98E28D3B7D300E6A754 /* HighlightCell.swift */ = {isa = PBXFileReference; lastKnownFileType = sourcecode.swift; path = HighlightCell.swift; sourceTree = "<group>"; };
		014DF99028D4D17D00E6A754 /* CategoryCell.swift */ = {isa = PBXFileReference; lastKnownFileType = sourcecode.swift; path = CategoryCell.swift; sourceTree = "<group>"; };
		014DF99228D4DE8400E6A754 /* CategoryGridView.swift */ = {isa = PBXFileReference; lastKnownFileType = sourcecode.swift; path = CategoryGridView.swift; sourceTree = "<group>"; };
		014DF99428D4FF9A00E6A754 /* UserStatView.swift */ = {isa = PBXFileReference; lastKnownFileType = sourcecode.swift; path = UserStatView.swift; sourceTree = "<group>"; };
		014DF99628D5000E00E6A754 /* ProfileHeaderView.swift */ = {isa = PBXFileReference; lastKnownFileType = sourcecode.swift; path = ProfileHeaderView.swift; sourceTree = "<group>"; };
		014DF99828D5006200E6A754 /* ProfileActionButtonView.swift */ = {isa = PBXFileReference; lastKnownFileType = sourcecode.swift; path = ProfileActionButtonView.swift; sourceTree = "<group>"; };
		0156E2562B34DA3E00E0BAA4 /* PhoneLoginView.swift */ = {isa = PBXFileReference; lastKnownFileType = sourcecode.swift; path = PhoneLoginView.swift; sourceTree = "<group>"; };
		0156E25A2B352DAA00E0BAA4 /* CountryCodes.swift */ = {isa = PBXFileReference; lastKnownFileType = sourcecode.swift; path = CountryCodes.swift; sourceTree = "<group>"; };
		0156E25C2B353EC400E0BAA4 /* PhoneVerificationView.swift */ = {isa = PBXFileReference; lastKnownFileType = sourcecode.swift; path = PhoneVerificationView.swift; sourceTree = "<group>"; };
		0156E25E2B3620A600E0BAA4 /* CustomNumPadView.swift */ = {isa = PBXFileReference; lastKnownFileType = sourcecode.swift; path = CustomNumPadView.swift; sourceTree = "<group>"; };
		0156E2602B369D4500E0BAA4 /* AlertView.swift */ = {isa = PBXFileReference; lastKnownFileType = sourcecode.swift; path = AlertView.swift; sourceTree = "<group>"; };
		01580D992B11A9BC00FEB89A /* BlockSheet.swift */ = {isa = PBXFileReference; lastKnownFileType = sourcecode.swift; path = BlockSheet.swift; sourceTree = "<group>"; };
		01580D9C2B11B37C00FEB89A /* ReportView.swift */ = {isa = PBXFileReference; lastKnownFileType = sourcecode.swift; path = ReportView.swift; sourceTree = "<group>"; };
		01580D9E2B11C21000FEB89A /* SomethingElseReportView.swift */ = {isa = PBXFileReference; lastKnownFileType = sourcecode.swift; path = SomethingElseReportView.swift; sourceTree = "<group>"; };
		01580DA02B11D24400FEB89A /* UnderAgeReportView.swift */ = {isa = PBXFileReference; lastKnownFileType = sourcecode.swift; path = UnderAgeReportView.swift; sourceTree = "<group>"; };
		01580DA22B13F4B400FEB89A /* ImpersonationReportView.swift */ = {isa = PBXFileReference; lastKnownFileType = sourcecode.swift; path = ImpersonationReportView.swift; sourceTree = "<group>"; };
		015AA3BD2950269E000BC6F5 /* Info.plist */ = {isa = PBXFileReference; lastKnownFileType = text.plist; path = Info.plist; sourceTree = "<group>"; };
		015CE4E2293AA2F50096D35C /* BottomControlsView.swift */ = {isa = PBXFileReference; lastKnownFileType = sourcecode.swift; path = BottomControlsView.swift; sourceTree = "<group>"; };
		015E087D292EE19700350D13 /* UserService.swift */ = {isa = PBXFileReference; lastKnownFileType = sourcecode.swift; path = UserService.swift; sourceTree = "<group>"; };
		015E087F292EF48400350D13 /* ProfileViewModel.swift */ = {isa = PBXFileReference; lastKnownFileType = sourcecode.swift; path = ProfileViewModel.swift; sourceTree = "<group>"; };
		015EC23B2E542803003A043D /* SignInView.swift */ = {isa = PBXFileReference; lastKnownFileType = sourcecode.swift; path = SignInView.swift; sourceTree = "<group>"; };
		015EC23F2E6D49B3003A043D /* GoogleService-Info.plist */ = {isa = PBXFileReference; lastKnownFileType = text.plist.xml; path = "GoogleService-Info.plist"; sourceTree = "<group>"; };
		016C5A222BE72B26007F4BBF /* LAME.framework.dSYM */ = {isa = PBXFileReference; lastKnownFileType = wrapper.dsym; path = LAME.framework.dSYM; sourceTree = "<group>"; };
		016C5A262BE73A7C007F4BBF /* libmp3lame.a */ = {isa = PBXFileReference; lastKnownFileType = archive.ar; name = libmp3lame.a; path = ToMP3Components/libmp3lame.a; sourceTree = "<group>"; };
		016C5A282BE73D69007F4BBF /* Cassetta.entitlements */ = {isa = PBXFileReference; lastKnownFileType = text.plist.entitlements; path = Cassetta.entitlements; sourceTree = "<group>"; };
		0178E8B72A9E4E4100C2F9D7 /* LazyView.swift */ = {isa = PBXFileReference; lastKnownFileType = sourcecode.swift; path = LazyView.swift; sourceTree = "<group>"; };
		0178E8B92AA42ECC00C2F9D7 /* EditProfileViewModel.swift */ = {isa = PBXFileReference; lastKnownFileType = sourcecode.swift; path = EditProfileViewModel.swift; sourceTree = "<group>"; };
		0178E8BB2AA4429800C2F9D7 /* EditProfileView.swift */ = {isa = PBXFileReference; lastKnownFileType = sourcecode.swift; path = EditProfileView.swift; sourceTree = "<group>"; };
		0180737829EAED6500407ED8 /* Comment.swift */ = {isa = PBXFileReference; lastKnownFileType = sourcecode.swift; path = Comment.swift; sourceTree = "<group>"; };
		0180737A29EAF15300407ED8 /* CommentViewModel.swift */ = {isa = PBXFileReference; lastKnownFileType = sourcecode.swift; path = CommentViewModel.swift; sourceTree = "<group>"; };
		0180737C29EAFF4A00407ED8 /* CustomInputView.swift */ = {isa = PBXFileReference; lastKnownFileType = sourcecode.swift; path = CustomInputView.swift; sourceTree = "<group>"; };
		01818DB92970C961008B4EB3 /* Post.swift */ = {isa = PBXFileReference; lastKnownFileType = sourcecode.swift; path = Post.swift; sourceTree = "<group>"; };
		01818DBB2970D06E008B4EB3 /* FeedViewModel.swift */ = {isa = PBXFileReference; lastKnownFileType = sourcecode.swift; path = FeedViewModel.swift; sourceTree = "<group>"; };
		018221872AC7A97400045D3D /* DeletePostViewModel.swift */ = {isa = PBXFileReference; lastKnownFileType = sourcecode.swift; path = DeletePostViewModel.swift; sourceTree = "<group>"; };
		0189DBA727D7035100956E28 /* Cassetta.app */ = {isa = PBXFileReference; explicitFileType = wrapper.application; includeInIndex = 0; path = Cassetta.app; sourceTree = BUILT_PRODUCTS_DIR; };
		0189DBAA27D7035100956E28 /* CassettaApp.swift */ = {isa = PBXFileReference; lastKnownFileType = sourcecode.swift; path = CassettaApp.swift; sourceTree = "<group>"; };
		0189DBAC27D7035100956E28 /* ContentView.swift */ = {isa = PBXFileReference; lastKnownFileType = sourcecode.swift; path = ContentView.swift; sourceTree = "<group>"; };
		0189DBAE27D7035400956E28 /* Assets.xcassets */ = {isa = PBXFileReference; lastKnownFileType = folder.assetcatalog; path = Assets.xcassets; sourceTree = "<group>"; };
		0189DBB127D7035400956E28 /* Preview Assets.xcassets */ = {isa = PBXFileReference; lastKnownFileType = folder.assetcatalog; path = "Preview Assets.xcassets"; sourceTree = "<group>"; };
		0189DBBB27DC38EC00956E28 /* Card.swift */ = {isa = PBXFileReference; lastKnownFileType = sourcecode.swift; path = Card.swift; sourceTree = "<group>"; };
		0189DBBF27E03CBA00956E28 /* ListenLikeCount.swift */ = {isa = PBXFileReference; lastKnownFileType = sourcecode.swift; path = ListenLikeCount.swift; sourceTree = "<group>"; };
		018C4A5128516FE70029BEB1 /* ProfileView.swift */ = {isa = PBXFileReference; lastKnownFileType = sourcecode.swift; path = ProfileView.swift; sourceTree = "<group>"; };
		018C4A53285194870029BEB1 /* Feed.swift */ = {isa = PBXFileReference; lastKnownFileType = sourcecode.swift; path = Feed.swift; sourceTree = "<group>"; };
		0198C7D428E9F9E900676189 /* TabBarView.swift */ = {isa = PBXFileReference; lastKnownFileType = sourcecode.swift; path = TabBarView.swift; sourceTree = "<group>"; };
		0198C7D628EA048C00676189 /* CustomSecureField.swift */ = {isa = PBXFileReference; lastKnownFileType = sourcecode.swift; path = CustomSecureField.swift; sourceTree = "<group>"; };
		0198C7D828EA080500676189 /* RegistrationView.swift */ = {isa = PBXFileReference; lastKnownFileType = sourcecode.swift; path = RegistrationView.swift; sourceTree = "<group>"; };
		0198C7DA28EA08C200676189 /* ImagePicker.swift */ = {isa = PBXFileReference; lastKnownFileType = sourcecode.swift; path = ImagePicker.swift; sourceTree = "<group>"; };
		0198C7DC28EA111300676189 /* ForgetPasswordView.swift */ = {isa = PBXFileReference; lastKnownFileType = sourcecode.swift; path = ForgetPasswordView.swift; sourceTree = "<group>"; };
		019F62E92947D15E0045FF39 /* PlayBackPostView.swift */ = {isa = PBXFileReference; lastKnownFileType = sourcecode.swift; path = PlayBackPostView.swift; sourceTree = "<group>"; };
		019F62EB2947D1FA0045FF39 /* DetailPostView.swift */ = {isa = PBXFileReference; lastKnownFileType = sourcecode.swift; path = DetailPostView.swift; sourceTree = "<group>"; };
		019F62ED2947E9F40045FF39 /* MultilineTextField.swift */ = {isa = PBXFileReference; lastKnownFileType = sourcecode.swift; path = MultilineTextField.swift; sourceTree = "<group>"; };
		019F62EF2947F8D10045FF39 /* EmailTextField.swift */ = {isa = PBXFileReference; lastKnownFileType = sourcecode.swift; path = EmailTextField.swift; sourceTree = "<group>"; };
		019F62F12948FBC90045FF39 /* CategoriesView.swift */ = {isa = PBXFileReference; lastKnownFileType = sourcecode.swift; path = CategoriesView.swift; sourceTree = "<group>"; };
		019F62F3294909AA0045FF39 /* StyledButton.swift */ = {isa = PBXFileReference; lastKnownFileType = sourcecode.swift; path = StyledButton.swift; sourceTree = "<group>"; };
		01AA96E52966524800011F52 /* AudioUploader.swift */ = {isa = PBXFileReference; lastKnownFileType = sourcecode.swift; path = AudioUploader.swift; sourceTree = "<group>"; };
		01AA96E729665C7E00011F52 /* UploadPostViewModel.swift */ = {isa = PBXFileReference; lastKnownFileType = sourcecode.swift; path = UploadPostViewModel.swift; sourceTree = "<group>"; };
		01AEB7F82A6C54F700BEC3E5 /* NotificationCellViewModel.swift */ = {isa = PBXFileReference; lastKnownFileType = sourcecode.swift; path = NotificationCellViewModel.swift; sourceTree = "<group>"; };
		01C10D322B2FFBF4002133E9 /* BlockListView.swift */ = {isa = PBXFileReference; lastKnownFileType = sourcecode.swift; path = BlockListView.swift; sourceTree = "<group>"; };
		01C10D342B30EB15002133E9 /* UnblockButtonView.swift */ = {isa = PBXFileReference; lastKnownFileType = sourcecode.swift; path = UnblockButtonView.swift; sourceTree = "<group>"; };
		01C42088293AB528003FF2D5 /* PlayerContentView.swift */ = {isa = PBXFileReference; lastKnownFileType = sourcecode.swift; path = PlayerContentView.swift; sourceTree = "<group>"; };
		01C4208A293AB7EA003FF2D5 /* CommentsView.swift */ = {isa = PBXFileReference; lastKnownFileType = sourcecode.swift; path = CommentsView.swift; sourceTree = "<group>"; };
		01C4208C293AC621003FF2D5 /* CommentCell.swift */ = {isa = PBXFileReference; lastKnownFileType = sourcecode.swift; path = CommentCell.swift; sourceTree = "<group>"; };
		01CD09762A52089F00EAF001 /* Notification.swift */ = {isa = PBXFileReference; lastKnownFileType = sourcecode.swift; path = Notification.swift; sourceTree = "<group>"; };
		01CD09782A5209D800EAF001 /* NotificationsViewModel.swift */ = {isa = PBXFileReference; lastKnownFileType = sourcecode.swift; path = NotificationsViewModel.swift; sourceTree = "<group>"; };
		01D0460928E9F3A900038C1C /* LoginView.swift */ = {isa = PBXFileReference; lastKnownFileType = sourcecode.swift; path = LoginView.swift; sourceTree = "<group>"; };
		01D0460B28E9F4C200038C1C /* CustomTextField.swift */ = {isa = PBXFileReference; lastKnownFileType = sourcecode.swift; path = CustomTextField.swift; sourceTree = "<group>"; };
		01D325792B2FE621002E4543 /* SettingsView.swift */ = {isa = PBXFileReference; lastKnownFileType = sourcecode.swift; path = SettingsView.swift; sourceTree = "<group>"; };
		01DAE9CF28DF83E400F61034 /* PlayerView.swift */ = {isa = PBXFileReference; lastKnownFileType = sourcecode.swift; path = PlayerView.swift; sourceTree = "<group>"; };
		01F4CDC729A96D6F00FDC7CD /* PostInfoViewModel.swift */ = {isa = PBXFileReference; lastKnownFileType = sourcecode.swift; path = PostInfoViewModel.swift; sourceTree = "<group>"; };
		01F4CDEA29B186A700FDC7CD /* _FlexibleView.swift */ = {isa = PBXFileReference; lastKnownFileType = sourcecode.swift; path = _FlexibleView.swift; sourceTree = "<group>"; };
		01F4CDEC29B186CF00FDC7CD /* FlexibleView.swift */ = {isa = PBXFileReference; lastKnownFileType = sourcecode.swift; path = FlexibleView.swift; sourceTree = "<group>"; };
/* End PBXFileReference section */

/* Begin PBXFrameworksBuildPhase section */
		0189DBA427D7035100956E28 /* Frameworks */ = {
			isa = PBXFrameworksBuildPhase;
			buildActionMask = 2147483647;
			files = (
				01F847372C7EC774006A0EA9 /* FirebaseDatabase in Frameworks */,
				016C5A442BE74724007F4BBF /* FirebaseFirestoreCombine-Community in Frameworks */,
				0102516B2926EEF400908D62 /* Kingfisher in Frameworks */,
				01F847332C7EC774006A0EA9 /* FirebaseAuth in Frameworks */,
				016C5A2A2BE74724007F4BBF /* FirebaseAnalytics in Frameworks */,
				016C5A4C2BE74724007F4BBF /* FirebaseInAppMessaging-Beta in Frameworks */,
				016C5A5C2BE74724007F4BBF /* FirebaseStorage in Frameworks */,
				016C5A3A2BE74724007F4BBF /* FirebaseCrashlytics in Frameworks */,
				01F847432C7EC774006A0EA9 /* FirebaseRemoteConfig in Frameworks */,
				01F847452C7EC774006A0EA9 /* FirebaseStorage in Frameworks */,
				01F8473B2C7EC774006A0EA9 /* FirebaseFirestore in Frameworks */,
				016C5A302BE74724007F4BBF /* FirebaseAnalyticsWithoutAdIdSupport in Frameworks */,
				01F8472D2C7EC774006A0EA9 /* FirebaseAnalyticsWithoutAdIdSupport in Frameworks */,
				016C5A422BE74724007F4BBF /* FirebaseFirestore in Frameworks */,
				01F8473D2C7EC774006A0EA9 /* FirebaseFunctions in Frameworks */,
				016C5A362BE74724007F4BBF /* FirebaseAuth in Frameworks */,
				01F8472B2C7EC774006A0EA9 /* FirebaseAnalyticsOnDeviceConversion in Frameworks */,
				016C5A522BE74724007F4BBF /* FirebaseMLModelDownloader in Frameworks */,
				016C5A5E2BE74724007F4BBF /* FirebaseStorageCombine-Community in Frameworks */,
				018BA10E2CF3B79E0040AF45 /* TOCropViewController in Frameworks */,
				01F847392C7EC774006A0EA9 /* FirebaseDynamicLinks in Frameworks */,
				01F847412C7EC774006A0EA9 /* FirebasePerformance in Frameworks */,
				014BA7E62991A65600370AE3 /* AudioStreaming in Frameworks */,
				01F8472F2C7EC774006A0EA9 /* FirebaseAppCheck in Frameworks */,
				016C5A322BE74724007F4BBF /* FirebaseAppCheck in Frameworks */,
				016C5A4A2BE74724007F4BBF /* FirebaseFunctionsCombine-Community in Frameworks */,
				016C5A482BE74724007F4BBF /* FirebaseFunctions in Frameworks */,
				016C5A342BE74724007F4BBF /* FirebaseAppDistribution-Beta in Frameworks */,
				016C5A2C2BE74724007F4BBF /* FirebaseAnalyticsOnDeviceConversion in Frameworks */,
				016C5A3C2BE74724007F4BBF /* FirebaseDatabase in Frameworks */,
				016C5A402BE74724007F4BBF /* FirebaseDynamicLinks in Frameworks */,
				016C5A562BE74724007F4BBF /* FirebasePerformance in Frameworks */,
				016C5A542BE74724007F4BBF /* FirebaseMessaging in Frameworks */,
				0190C3C32E8DBBA700B61132 /* LNPopupUI in Frameworks */,
				01F847292C7EC774006A0EA9 /* FirebaseAnalytics in Frameworks */,
				016C5A382BE74724007F4BBF /* FirebaseAuthCombine-Community in Frameworks */,
				01F847352C7EC774006A0EA9 /* FirebaseCrashlytics in Frameworks */,
				0190C3C52E8DBBA700B61132 /* LNPopupUI-Static in Frameworks */,
				016C5A582BE74724007F4BBF /* FirebaseRemoteConfig in Frameworks */,
				014BA7EB2992CEC700370AE3 /* AudioKit in Frameworks */,
				016C5A502BE74724007F4BBF /* FirebaseInstallations in Frameworks */,
				01F847312C7EC774006A0EA9 /* FirebaseAppDistribution-Beta in Frameworks */,
				01F8473F2C7EC774006A0EA9 /* FirebaseMessaging in Frameworks */,
				018BA10C2CF3B79E0040AF45 /* CropViewController in Frameworks */,
			);
			runOnlyForDeploymentPostprocessing = 0;
		};
/* End PBXFrameworksBuildPhase section */

/* Begin PBXGroup section */
		0116A8CB28C3B5CE0050780B /* ViewModel */ = {
			isa = PBXGroup;
			children = (
				014BA7E32991A62000370AE3 /* Player */,
				0121566E2953AD7B00C7D4DC /* Post */,
				0116A8D828C3B7BC0050780B /* Authentication */,
				0116A8DA28C3B7D00050780B /* Feed */,
				0116A8D928C3B7C70050780B /* Notifications */,
				01C078F32919A5F100EBD7C1 /* Profile */,
			);
			path = ViewModel;
			sourceTree = "<group>";
		};
		0116A8CC28C3B6620050780B /* Model */ = {
			isa = PBXGroup;
			children = (
				0102516C2926F39E00908D62 /* User.swift */,
				0121566C2953AD3100C7D4DC /* RecordingDataModel.swift */,
				01818DB92970C961008B4EB3 /* Post.swift */,
				0180737829EAED6500407ED8 /* Comment.swift */,
				01CD09762A52089F00EAF001 /* Notification.swift */,
				0156E25A2B352DAA00E0BAA4 /* CountryCodes.swift */,
			);
			path = Model;
			sourceTree = "<group>";
		};
		0116A8CD28C3B66B0050780B /* API */ = {
			isa = PBXGroup;
			children = (
				01473BFE29232058004E0429 /* ImageUploader.swift */,
				015E087D292EE19700350D13 /* UserService.swift */,
				01AA96E52966524800011F52 /* AudioUploader.swift */,
			);
			path = API;
			sourceTree = "<group>";
		};
		0116A8CE28C3B6730050780B /* Utils */ = {
			isa = PBXGroup;
			children = (
				0156E2602B369D4500E0BAA4 /* AlertView.swift */,
				019F62F12948FBC90045FF39 /* CategoriesView.swift */,
				012156732953B01D00C7D4DC /* ConcatenateAudioFiles.swift */,
				0102516E2926F58900908D62 /* Constants.swift */,
				0156E25E2B3620A600E0BAA4 /* CustomNumPadView.swift */,
				0198C7D628EA048C00676189 /* CustomSecureField.swift */,
				01D0460B28E9F4C200038C1C /* CustomTextField.swift */,
				019F62EF2947F8D10045FF39 /* EmailTextField.swift */,
				014DF98028D1807500E6A754 /* Extensions.swift */,
				01F4CDE929B1868C00FDC7CD /* FlexibleView */,
				0121566A2953ACD000C7D4DC /* Helper.swift */,
				0198C7DA28EA08C200676189 /* ImagePicker.swift */,
				0178E8B72A9E4E4100C2F9D7 /* LazyView.swift */,
				014BA7FB299ADA2000370AE3 /* MP3Converter.swift */,
				019F62ED2947E9F40045FF39 /* MultilineTextField.swift */,
				019F62F3294909AA0045FF39 /* StyledButton.swift */,
			);
			path = Utils;
			sourceTree = "<group>";
		};
		0116A8CF28C3B6AF0050780B /* Items */ = {
			isa = PBXGroup;
			children = (
				0189DBBB27DC38EC00956E28 /* Card.swift */,
				0189DBBF27E03CBA00956E28 /* ListenLikeCount.swift */,
				0116A8DB28C3B9800050780B /* UserCell.swift */,
				014DF98228D29EF000E6A754 /* UserListView.swift */,
				014DF98C28D3AC8C00E6A754 /* HighlightsView.swift */,
				014DF98E28D3B7D300E6A754 /* HighlightCell.swift */,
				014DF99028D4D17D00E6A754 /* CategoryCell.swift */,
				014DF99228D4DE8400E6A754 /* CategoryGridView.swift */,
				0130F5352929808D0033BC32 /* LargeUserCell.swift */,
				0149DAF329B7DCFE00633CAC /* UserCardOptions.swift */,
				0149DAF729BBC0A100633CAC /* PlayerLikeListenCell.swift */,
				0180737C29EAFF4A00407ED8 /* CustomInputView.swift */,
				01580D992B11A9BC00FEB89A /* BlockSheet.swift */,
			);
			path = Items;
			sourceTree = "<group>";
		};
		0116A8D028C3B6BF0050780B /* Authentication */ = {
			isa = PBXGroup;
			children = (
				015EC23B2E542803003A043D /* SignInView.swift */,
				01D0460928E9F3A900038C1C /* LoginView.swift */,
				0198C7D828EA080500676189 /* RegistrationView.swift */,
				0198C7DC28EA111300676189 /* ForgetPasswordView.swift */,
				0156E2562B34DA3E00E0BAA4 /* PhoneLoginView.swift */,
				0156E25C2B353EC400E0BAA4 /* PhoneVerificationView.swift */,
			);
			path = Authentication;
			sourceTree = "<group>";
		};
		0116A8D128C3B6D00050780B /* Notifications */ = {
			isa = PBXGroup;
			children = (
				014DF98828D3A78300E6A754 /* NotificationsView.swift */,
				014DF98A28D3A7C900E6A754 /* NotificationCell.swift */,
			);
			path = Notifications;
			sourceTree = "<group>";
		};
		0116A8D228C3B6DD0050780B /* Search */ = {
			isa = PBXGroup;
			children = (
				0116A8E028C3BEB60050780B /* SearchView.swift */,
				014DF97E28D17EBC00E6A754 /* SearchBar.swift */,
			);
			path = Search;
			sourceTree = "<group>";
		};
		0116A8D328C3B6EC0050780B /* Feed */ = {
			isa = PBXGroup;
			children = (
				018C4A53285194870029BEB1 /* Feed.swift */,
			);
			path = Feed;
			sourceTree = "<group>";
		};
		0116A8D428C3B6F50050780B /* Profile */ = {
			isa = PBXGroup;
			children = (
				018C4A5128516FE70029BEB1 /* ProfileView.swift */,
				014DF99428D4FF9A00E6A754 /* UserStatView.swift */,
				014DF99628D5000E00E6A754 /* ProfileHeaderView.swift */,
				014DF99828D5006200E6A754 /* ProfileActionButtonView.swift */,
				0178E8BB2AA4429800C2F9D7 /* EditProfileView.swift */,
			);
			path = Profile;
			sourceTree = "<group>";
		};
		0116A8D528C3B7030050780B /* UploadPost */ = {
			isa = PBXGroup;
			children = (
				0116A8DE28C3BE390050780B /* RecordPostView.swift */,
				019F62E92947D15E0045FF39 /* PlayBackPostView.swift */,
				019F62EB2947D1FA0045FF39 /* DetailPostView.swift */,
				012156752953B1FC00C7D4DC /* RecordingsList.swift */,
			);
			path = UploadPost;
			sourceTree = "<group>";
		};
		0116A8D628C3B70A0050780B /* Main */ = {
			isa = PBXGroup;
			children = (
				0189DBAC27D7035100956E28 /* ContentView.swift */,
				0198C7D428E9F9E900676189 /* TabBarView.swift */,
			);
			path = Main;
			sourceTree = "<group>";
		};
		0116A8D828C3B7BC0050780B /* Authentication */ = {
			isa = PBXGroup;
			children = (
				010B6B8D2915B3B800A13DC8 /* AuthViewModel.swift */,
			);
			path = Authentication;
			sourceTree = "<group>";
		};
		0116A8D928C3B7C70050780B /* Notifications */ = {
			isa = PBXGroup;
			children = (
				01CD09782A5209D800EAF001 /* NotificationsViewModel.swift */,
				01AEB7F82A6C54F700BEC3E5 /* NotificationCellViewModel.swift */,
			);
			path = Notifications;
			sourceTree = "<group>";
		};
		0116A8DA28C3B7D00050780B /* Feed */ = {
			isa = PBXGroup;
			children = (
				0130F537292981A80033BC32 /* SearchViewModel.swift */,
				01818DBB2970D06E008B4EB3 /* FeedViewModel.swift */,
			);
			path = Feed;
			sourceTree = "<group>";
		};
		0121566E2953AD7B00C7D4DC /* Post */ = {
			isa = PBXGroup;
			children = (
				0121566F2953ADD600C7D4DC /* AudioRecorderViewModel.swift */,
				012156712953AF3B00C7D4DC /* PreviewAudioPlayerViewModel.swift */,
				01AA96E729665C7E00011F52 /* UploadPostViewModel.swift */,
				01F4CDC729A96D6F00FDC7CD /* PostInfoViewModel.swift */,
				0149DAE929B438E900633CAC /* PostViewModel.swift */,
				0180737A29EAF15300407ED8 /* CommentViewModel.swift */,
				018221872AC7A97400045D3D /* DeletePostViewModel.swift */,
			);
			path = Post;
			sourceTree = "<group>";
		};
		014BA7E32991A62000370AE3 /* Player */ = {
			isa = PBXGroup;
			children = (
				014BA7E72991A9A400370AE3 /* AudioManager.swift */,
			);
			path = Player;
			sourceTree = "<group>";
		};
		014BA7F8299ABBB900370AE3 /* Frameworks */ = {
			isa = PBXGroup;
			children = (
				016C5A262BE73A7C007F4BBF /* libmp3lame.a */,
				016C5A222BE72B26007F4BBF /* LAME.framework.dSYM */,
				014BA7F9299ABBB900370AE3 /* AudioToolbox.framework */,
			);
			name = Frameworks;
			sourceTree = "<group>";
		};
		01580D9B2B11B32200FEB89A /* Report */ = {
			isa = PBXGroup;
			children = (
				01580D9C2B11B37C00FEB89A /* ReportView.swift */,
				01580D9E2B11C21000FEB89A /* SomethingElseReportView.swift */,
				01580DA02B11D24400FEB89A /* UnderAgeReportView.swift */,
				01580DA22B13F4B400FEB89A /* ImpersonationReportView.swift */,
			);
			path = Report;
			sourceTree = "<group>";
		};
		0189DB9E27D7035100956E28 = {
			isa = PBXGroup;
			children = (
				0189DBA927D7035100956E28 /* Cassetta */,
				0189DBA827D7035100956E28 /* Products */,
				014BA7F8299ABBB900370AE3 /* Frameworks */,
			);
			sourceTree = "<group>";
		};
		0189DBA827D7035100956E28 /* Products */ = {
			isa = PBXGroup;
			children = (
				0189DBA727D7035100956E28 /* Cassetta.app */,
			);
			name = Products;
			sourceTree = "<group>";
		};
		0189DBA927D7035100956E28 /* Cassetta */ = {
			isa = PBXGroup;
			children = (
				016C5A282BE73D69007F4BBF /* Cassetta.entitlements */,
				015EC23F2E6D49B3003A043D /* GoogleService-Info.plist */,
				015AA3BD2950269E000BC6F5 /* Info.plist */,
				0189DBAA27D7035100956E28 /* CassettaApp.swift */,
				0189DBAE27D7035400956E28 /* Assets.xcassets */,
				0116A8CD28C3B66B0050780B /* API */,
				0116A8CC28C3B6620050780B /* Model */,
				0189DBB027D7035400956E28 /* Preview Content */,
				0116A8CE28C3B6730050780B /* Utils */,
				0189DBBA27DC38C700956E28 /* View */,
				0116A8CB28C3B5CE0050780B /* ViewModel */,
			);
			path = Cassetta;
			sourceTree = "<group>";
		};
		0189DBB027D7035400956E28 /* Preview Content */ = {
			isa = PBXGroup;
			children = (
				0189DBB127D7035400956E28 /* Preview Assets.xcassets */,
			);
			path = "Preview Content";
			sourceTree = "<group>";
		};
		0189DBBA27DC38C700956E28 /* View */ = {
			isa = PBXGroup;
			children = (
				01D325782B2FE5BE002E4543 /* Settings */,
				01580D9B2B11B32200FEB89A /* Report */,
				01DAE9D328DF88C500F61034 /* Player */,
				0116A8D028C3B6BF0050780B /* Authentication */,
				0116A8D328C3B6EC0050780B /* Feed */,
				0116A8CF28C3B6AF0050780B /* Items */,
				0116A8D628C3B70A0050780B /* Main */,
				0116A8D128C3B6D00050780B /* Notifications */,
				0116A8D428C3B6F50050780B /* Profile */,
				0116A8D228C3B6DD0050780B /* Search */,
				0116A8D528C3B7030050780B /* UploadPost */,
			);
			path = View;
			sourceTree = "<group>";
		};
		01C078F32919A5F100EBD7C1 /* Profile */ = {
			isa = PBXGroup;
			children = (
				015E087F292EF48400350D13 /* ProfileViewModel.swift */,
				0178E8B92AA42ECC00C2F9D7 /* EditProfileViewModel.swift */,
			);
			path = Profile;
			sourceTree = "<group>";
		};
		01D325782B2FE5BE002E4543 /* Settings */ = {
			isa = PBXGroup;
			children = (
				01D325792B2FE621002E4543 /* SettingsView.swift */,
				01C10D322B2FFBF4002133E9 /* BlockListView.swift */,
				01C10D342B30EB15002133E9 /* UnblockButtonView.swift */,
			);
			path = Settings;
			sourceTree = "<group>";
		};
		01DAE9D328DF88C500F61034 /* Player */ = {
			isa = PBXGroup;
			children = (
				01DAE9CF28DF83E400F61034 /* PlayerView.swift */,
				015CE4E2293AA2F50096D35C /* BottomControlsView.swift */,
				01C42088293AB528003FF2D5 /* PlayerContentView.swift */,
				01C4208A293AB7EA003FF2D5 /* CommentsView.swift */,
				01C4208C293AC621003FF2D5 /* CommentCell.swift */,
			);
			path = Player;
			sourceTree = "<group>";
		};
		01F4CDE929B1868C00FDC7CD /* FlexibleView */ = {
			isa = PBXGroup;
			children = (
				01F4CDEA29B186A700FDC7CD /* _FlexibleView.swift */,
				01F4CDEC29B186CF00FDC7CD /* FlexibleView.swift */,
			);
			path = FlexibleView;
			sourceTree = "<group>";
		};
/* End PBXGroup section */

/* Begin PBXNativeTarget section */
		0189DBA627D7035100956E28 /* Cassetta */ = {
			isa = PBXNativeTarget;
			buildConfigurationList = 0189DBB527D7035500956E28 /* Build configuration list for PBXNativeTarget "Cassetta" */;
			buildPhases = (
				0189DBA327D7035100956E28 /* Sources */,
				0189DBA427D7035100956E28 /* Frameworks */,
				0189DBA527D7035100956E28 /* Resources */,
			);
			buildRules = (
			);
			dependencies = (
			);
			name = Cassetta;
			packageProductDependencies = (
				0102516A2926EEF400908D62 /* Kingfisher */,
				014BA7E52991A65600370AE3 /* AudioStreaming */,
				014BA7EA2992CEC700370AE3 /* AudioKit */,
				016C5A292BE74724007F4BBF /* FirebaseAnalytics */,
				016C5A2B2BE74724007F4BBF /* FirebaseAnalyticsOnDeviceConversion */,
				016C5A2F2BE74724007F4BBF /* FirebaseAnalyticsWithoutAdIdSupport */,
				016C5A312BE74724007F4BBF /* FirebaseAppCheck */,
				016C5A332BE74724007F4BBF /* FirebaseAppDistribution-Beta */,
				016C5A352BE74724007F4BBF /* FirebaseAuth */,
				016C5A372BE74724007F4BBF /* FirebaseAuthCombine-Community */,
				016C5A392BE74724007F4BBF /* FirebaseCrashlytics */,
				016C5A3B2BE74724007F4BBF /* FirebaseDatabase */,
				016C5A3F2BE74724007F4BBF /* FirebaseDynamicLinks */,
				016C5A412BE74724007F4BBF /* FirebaseFirestore */,
				016C5A432BE74724007F4BBF /* FirebaseFirestoreCombine-Community */,
				016C5A472BE74724007F4BBF /* FirebaseFunctions */,
				016C5A492BE74724007F4BBF /* FirebaseFunctionsCombine-Community */,
				016C5A4B2BE74724007F4BBF /* FirebaseInAppMessaging-Beta */,
				016C5A4F2BE74724007F4BBF /* FirebaseInstallations */,
				016C5A512BE74724007F4BBF /* FirebaseMLModelDownloader */,
				016C5A532BE74724007F4BBF /* FirebaseMessaging */,
				016C5A552BE74724007F4BBF /* FirebasePerformance */,
				016C5A572BE74724007F4BBF /* FirebaseRemoteConfig */,
				016C5A5B2BE74724007F4BBF /* FirebaseStorage */,
				016C5A5D2BE74724007F4BBF /* FirebaseStorageCombine-Community */,
				01F847282C7EC774006A0EA9 /* FirebaseAnalytics */,
				01F8472A2C7EC774006A0EA9 /* FirebaseAnalyticsOnDeviceConversion */,
				01F8472C2C7EC774006A0EA9 /* FirebaseAnalyticsWithoutAdIdSupport */,
				01F8472E2C7EC774006A0EA9 /* FirebaseAppCheck */,
				01F847302C7EC774006A0EA9 /* FirebaseAppDistribution-Beta */,
				01F847322C7EC774006A0EA9 /* FirebaseAuth */,
				01F847342C7EC774006A0EA9 /* FirebaseCrashlytics */,
				01F847362C7EC774006A0EA9 /* FirebaseDatabase */,
				01F847382C7EC774006A0EA9 /* FirebaseDynamicLinks */,
				01F8473A2C7EC774006A0EA9 /* FirebaseFirestore */,
				01F8473C2C7EC774006A0EA9 /* FirebaseFunctions */,
				01F8473E2C7EC774006A0EA9 /* FirebaseMessaging */,
				01F847402C7EC774006A0EA9 /* FirebasePerformance */,
				01F847422C7EC774006A0EA9 /* FirebaseRemoteConfig */,
				01F847442C7EC774006A0EA9 /* FirebaseStorage */,
				018BA10B2CF3B79E0040AF45 /* CropViewController */,
				018BA10D2CF3B79E0040AF45 /* TOCropViewController */,
				0190C3C22E8DBBA700B61132 /* LNPopupUI */,
				0190C3C42E8DBBA700B61132 /* LNPopupUI-Static */,
			);
			productName = Cassetta;
			productReference = 0189DBA727D7035100956E28 /* Cassetta.app */;
			productType = "com.apple.product-type.application";
		};
/* End PBXNativeTarget section */

/* Begin PBXProject section */
		0189DB9F27D7035100956E28 /* Project object */ = {
			isa = PBXProject;
			attributes = {
				BuildIndependentTargetsInParallel = 1;
				LastSwiftUpdateCheck = 1320;
				LastUpgradeCheck = 1540;
				TargetAttributes = {
					0189DBA627D7035100956E28 = {
						CreatedOnToolsVersion = 13.2.1;
						LastSwiftMigration = 1420;
					};
				};
			};
			buildConfigurationList = 0189DBA227D7035100956E28 /* Build configuration list for PBXProject "Cassetta" */;
			compatibilityVersion = "Xcode 13.0";
			developmentRegion = en;
			hasScannedForEncodings = 0;
			knownRegions = (
				en,
				Base,
			);
			mainGroup = 0189DB9E27D7035100956E28;
			packageReferences = (
				010251692926EEF400908D62 /* XCRemoteSwiftPackageReference "Kingfisher" */,
				014BA7E42991A65600370AE3 /* XCRemoteSwiftPackageReference "AudioStreaming" */,
				014BA7E92992CEC700370AE3 /* XCRemoteSwiftPackageReference "AudioKit" */,
				0152FFB22BFC458300FF30AA /* XCRemoteSwiftPackageReference "firebase-ios-sdk" */,
				018BA10A2CF3B79E0040AF45 /* XCRemoteSwiftPackageReference "TOCropViewController" */,
				0190C3C12E8DBBA700B61132 /* XCRemoteSwiftPackageReference "LNPopupUI" */,
			);
			productRefGroup = 0189DBA827D7035100956E28 /* Products */;
			projectDirPath = "";
			projectRoot = "";
			targets = (
				0189DBA627D7035100956E28 /* Cassetta */,
			);
		};
/* End PBXProject section */

/* Begin PBXResourcesBuildPhase section */
		0189DBA527D7035100956E28 /* Resources */ = {
			isa = PBXResourcesBuildPhase;
			buildActionMask = 2147483647;
			files = (
				0189DBB227D7035500956E28 /* Preview Assets.xcassets in Resources */,
				015EC2402E6D49B3003A043D /* GoogleService-Info.plist in Resources */,
				016C5A232BE72B26007F4BBF /* LAME.framework.dSYM in Resources */,
				0189DBAF27D7035400956E28 /* Assets.xcassets in Resources */,
			);
			runOnlyForDeploymentPostprocessing = 0;
		};
/* End PBXResourcesBuildPhase section */

/* Begin PBXSourcesBuildPhase section */
		0189DBA327D7035100956E28 /* Sources */ = {
			isa = PBXSourcesBuildPhase;
			buildActionMask = 2147483647;
			files = (
				01C10D332B2FFBF4002133E9 /* BlockListView.swift in Sources */,
				0180737B29EAF15300407ED8 /* CommentViewModel.swift in Sources */,
				0198C7D728EA048C00676189 /* CustomSecureField.swift in Sources */,
				014DF99128D4D17D00E6A754 /* CategoryCell.swift in Sources */,
				0198C7D528E9F9E900676189 /* TabBarView.swift in Sources */,
				0130F538292981A80033BC32 /* SearchViewModel.swift in Sources */,
				0156E25F2B3620A600E0BAA4 /* CustomNumPadView.swift in Sources */,
				01CD09792A5209D800EAF001 /* NotificationsViewModel.swift in Sources */,
				0156E2572B34DA3E00E0BAA4 /* PhoneLoginView.swift in Sources */,
				01818DBA2970C961008B4EB3 /* Post.swift in Sources */,
				0189DBAD27D7035100956E28 /* ContentView.swift in Sources */,
				014DF99928D5006200E6A754 /* ProfileActionButtonView.swift in Sources */,
				0116A8E128C3BEB60050780B /* SearchView.swift in Sources */,
				0121566B2953ACD000C7D4DC /* Helper.swift in Sources */,
				018C4A54285194870029BEB1 /* Feed.swift in Sources */,
				0189DBC027E03CBA00956E28 /* ListenLikeCount.swift in Sources */,
				018C4A5228516FE70029BEB1 /* ProfileView.swift in Sources */,
				01580DA12B11D24400FEB89A /* UnderAgeReportView.swift in Sources */,
				01D0460C28E9F4C200038C1C /* CustomTextField.swift in Sources */,
				014DF99328D4DE8400E6A754 /* CategoryGridView.swift in Sources */,
				0130F5362929808D0033BC32 /* LargeUserCell.swift in Sources */,
				019F62EA2947D15E0045FF39 /* PlayBackPostView.swift in Sources */,
				019F62F4294909AA0045FF39 /* StyledButton.swift in Sources */,
				01AA96E829665C7E00011F52 /* UploadPostViewModel.swift in Sources */,
				010B6B8E2915B3B800A13DC8 /* AuthViewModel.swift in Sources */,
				01580D9F2B11C21000FEB89A /* SomethingElseReportView.swift in Sources */,
				01C10D352B30EB15002133E9 /* UnblockButtonView.swift in Sources */,
				01473BFF29232058004E0429 /* ImageUploader.swift in Sources */,
				01580D9A2B11A9BC00FEB89A /* BlockSheet.swift in Sources */,
				014DF99728D5000E00E6A754 /* ProfileHeaderView.swift in Sources */,
				0198C7DD28EA111400676189 /* ForgetPasswordView.swift in Sources */,
				01CD09772A52089F00EAF001 /* Notification.swift in Sources */,
				01D0460A28E9F3A900038C1C /* LoginView.swift in Sources */,
				01C4208B293AB7EA003FF2D5 /* CommentsView.swift in Sources */,
				0189DBBC27DC38EC00956E28 /* Card.swift in Sources */,
				0198C7D928EA080500676189 /* RegistrationView.swift in Sources */,
				014DF98F28D3B7D400E6A754 /* HighlightCell.swift in Sources */,
				014DF98B28D3A7C900E6A754 /* NotificationCell.swift in Sources */,
				01AA96E62966524900011F52 /* AudioUploader.swift in Sources */,
				01D3257A2B2FE621002E4543 /* SettingsView.swift in Sources */,
				012156742953B01D00C7D4DC /* ConcatenateAudioFiles.swift in Sources */,
				014DF98D28D3AC8C00E6A754 /* HighlightsView.swift in Sources */,
				014DF99528D4FF9A00E6A754 /* UserStatView.swift in Sources */,
				01AEB7F92A6C54F700BEC3E5 /* NotificationCellViewModel.swift in Sources */,
				014BA7E82991A9A400370AE3 /* AudioManager.swift in Sources */,
				0149DAF429B7DCFE00633CAC /* UserCardOptions.swift in Sources */,
				0102516D2926F39E00908D62 /* User.swift in Sources */,
				0102516F2926F58900908D62 /* Constants.swift in Sources */,
				014DF98128D1807500E6A754 /* Extensions.swift in Sources */,
				0180737929EAED6500407ED8 /* Comment.swift in Sources */,
				0178E8B82A9E4E4100C2F9D7 /* LazyView.swift in Sources */,
				012156762953B1FC00C7D4DC /* RecordingsList.swift in Sources */,
				019F62F02947F8D10045FF39 /* EmailTextField.swift in Sources */,
				01C42089293AB528003FF2D5 /* PlayerContentView.swift in Sources */,
				01C4208D293AC621003FF2D5 /* CommentCell.swift in Sources */,
				012156702953ADD600C7D4DC /* AudioRecorderViewModel.swift in Sources */,
				0116A8DF28C3BE390050780B /* RecordPostView.swift in Sources */,
				0189DBAB27D7035100956E28 /* CassettaApp.swift in Sources */,
				0180737D29EAFF4A00407ED8 /* CustomInputView.swift in Sources */,
				0121566D2953AD3100C7D4DC /* RecordingDataModel.swift in Sources */,
				014DF97F28D17EBC00E6A754 /* SearchBar.swift in Sources */,
				019F62EC2947D1FA0045FF39 /* DetailPostView.swift in Sources */,
				014BA7FC299ADA2000370AE3 /* MP3Converter.swift in Sources */,
				0178E8BA2AA42ECC00C2F9D7 /* EditProfileViewModel.swift in Sources */,
				015E087E292EE19700350D13 /* UserService.swift in Sources */,
				01F4CDC829A96D6F00FDC7CD /* PostInfoViewModel.swift in Sources */,
				01F4CDED29B186CF00FDC7CD /* FlexibleView.swift in Sources */,
				0149DAEA29B438E900633CAC /* PostViewModel.swift in Sources */,
				0156E25D2B353EC400E0BAA4 /* PhoneVerificationView.swift in Sources */,
				019F62EE2947E9F40045FF39 /* MultilineTextField.swift in Sources */,
				01818DBC2970D06E008B4EB3 /* FeedViewModel.swift in Sources */,
				01580D9D2B11B37C00FEB89A /* ReportView.swift in Sources */,
				01DAE9D028DF83E400F61034 /* PlayerView.swift in Sources */,
				0116A8DC28C3B9800050780B /* UserCell.swift in Sources */,
				019F62F22948FBC90045FF39 /* CategoriesView.swift in Sources */,
				0198C7DB28EA08C200676189 /* ImagePicker.swift in Sources */,
				018221882AC7A97400045D3D /* DeletePostViewModel.swift in Sources */,
				015E0880292EF48400350D13 /* ProfileViewModel.swift in Sources */,
				015EC23C2E54281A003A043D /* SignInView.swift in Sources */,
				0156E25B2B352DAA00E0BAA4 /* CountryCodes.swift in Sources */,
				01F4CDEB29B186A700FDC7CD /* _FlexibleView.swift in Sources */,
				0178E8BC2AA4429800C2F9D7 /* EditProfileView.swift in Sources */,
				014DF98328D29EF000E6A754 /* UserListView.swift in Sources */,
				01580DA32B13F4B400FEB89A /* ImpersonationReportView.swift in Sources */,
				0156E2612B369D4500E0BAA4 /* AlertView.swift in Sources */,
				014DF98928D3A78300E6A754 /* NotificationsView.swift in Sources */,
				015CE4E3293AA2F50096D35C /* BottomControlsView.swift in Sources */,
				012156722953AF3B00C7D4DC /* PreviewAudioPlayerViewModel.swift in Sources */,
				0149DAF829BBC0A100633CAC /* PlayerLikeListenCell.swift in Sources */,
			);
			runOnlyForDeploymentPostprocessing = 0;
		};
/* End PBXSourcesBuildPhase section */

/* Begin XCBuildConfiguration section */
		0189DBB327D7035500956E28 /* Debug */ = {
			isa = XCBuildConfiguration;
			buildSettings = {
				ALWAYS_SEARCH_USER_PATHS = NO;
				ASSETCATALOG_COMPILER_GENERATE_SWIFT_ASSET_SYMBOL_EXTENSIONS = YES;
				CLANG_ANALYZER_NONNULL = YES;
				CLANG_ANALYZER_NUMBER_OBJECT_CONVERSION = YES_AGGRESSIVE;
				CLANG_CXX_LANGUAGE_STANDARD = "gnu++17";
				CLANG_CXX_LIBRARY = "libc++";
				CLANG_ENABLE_MODULES = YES;
				CLANG_ENABLE_OBJC_ARC = YES;
				CLANG_ENABLE_OBJC_WEAK = YES;
				CLANG_WARN_BLOCK_CAPTURE_AUTORELEASING = YES;
				CLANG_WARN_BOOL_CONVERSION = YES;
				CLANG_WARN_COMMA = YES;
				CLANG_WARN_CONSTANT_CONVERSION = YES;
				CLANG_WARN_DEPRECATED_OBJC_IMPLEMENTATIONS = YES;
				CLANG_WARN_DIRECT_OBJC_ISA_USAGE = YES_ERROR;
				CLANG_WARN_DOCUMENTATION_COMMENTS = YES;
				CLANG_WARN_EMPTY_BODY = YES;
				CLANG_WARN_ENUM_CONVERSION = YES;
				CLANG_WARN_INFINITE_RECURSION = YES;
				CLANG_WARN_INT_CONVERSION = YES;
				CLANG_WARN_NON_LITERAL_NULL_CONVERSION = YES;
				CLANG_WARN_OBJC_IMPLICIT_RETAIN_SELF = YES;
				CLANG_WARN_OBJC_LITERAL_CONVERSION = YES;
				CLANG_WARN_OBJC_ROOT_CLASS = YES_ERROR;
				CLANG_WARN_QUOTED_INCLUDE_IN_FRAMEWORK_HEADER = YES;
				CLANG_WARN_RANGE_LOOP_ANALYSIS = YES;
				CLANG_WARN_STRICT_PROTOTYPES = YES;
				CLANG_WARN_SUSPICIOUS_MOVE = YES;
				CLANG_WARN_UNGUARDED_AVAILABILITY = YES_AGGRESSIVE;
				CLANG_WARN_UNREACHABLE_CODE = YES;
				CLANG_WARN__DUPLICATE_METHOD_MATCH = YES;
				COPY_PHASE_STRIP = NO;
				DEBUG_INFORMATION_FORMAT = dwarf;
				ENABLE_STRICT_OBJC_MSGSEND = YES;
				ENABLE_TESTABILITY = YES;
				ENABLE_USER_SCRIPT_SANDBOXING = YES;
				GCC_C_LANGUAGE_STANDARD = gnu11;
				GCC_DYNAMIC_NO_PIC = NO;
				GCC_NO_COMMON_BLOCKS = YES;
				GCC_OPTIMIZATION_LEVEL = 0;
				GCC_PREPROCESSOR_DEFINITIONS = (
					"DEBUG=1",
					"$(inherited)",
				);
				GCC_WARN_64_TO_32_BIT_CONVERSION = YES;
				GCC_WARN_ABOUT_RETURN_TYPE = YES_ERROR;
				GCC_WARN_UNDECLARED_SELECTOR = YES;
				GCC_WARN_UNINITIALIZED_AUTOS = YES_AGGRESSIVE;
				GCC_WARN_UNUSED_FUNCTION = YES;
				GCC_WARN_UNUSED_VARIABLE = YES;
				IPHONEOS_DEPLOYMENT_TARGET = 16.0;
				LIBRARY_SEARCH_PATHS = "$(PROJECT_DIR)/ToMP3Components";
				MTL_ENABLE_DEBUG_INFO = INCLUDE_SOURCE;
				MTL_FAST_MATH = YES;
				ONLY_ACTIVE_ARCH = YES;
				SDKROOT = iphoneos;
				SWIFT_ACTIVE_COMPILATION_CONDITIONS = DEBUG;
				SWIFT_OPTIMIZATION_LEVEL = "-Onone";
			};
			name = Debug;
		};
		0189DBB427D7035500956E28 /* Release */ = {
			isa = XCBuildConfiguration;
			buildSettings = {
				ALWAYS_SEARCH_USER_PATHS = NO;
				ASSETCATALOG_COMPILER_GENERATE_SWIFT_ASSET_SYMBOL_EXTENSIONS = YES;
				CLANG_ANALYZER_NONNULL = YES;
				CLANG_ANALYZER_NUMBER_OBJECT_CONVERSION = YES_AGGRESSIVE;
				CLANG_CXX_LANGUAGE_STANDARD = "gnu++17";
				CLANG_CXX_LIBRARY = "libc++";
				CLANG_ENABLE_MODULES = YES;
				CLANG_ENABLE_OBJC_ARC = YES;
				CLANG_ENABLE_OBJC_WEAK = YES;
				CLANG_WARN_BLOCK_CAPTURE_AUTORELEASING = YES;
				CLANG_WARN_BOOL_CONVERSION = YES;
				CLANG_WARN_COMMA = YES;
				CLANG_WARN_CONSTANT_CONVERSION = YES;
				CLANG_WARN_DEPRECATED_OBJC_IMPLEMENTATIONS = YES;
				CLANG_WARN_DIRECT_OBJC_ISA_USAGE = YES_ERROR;
				CLANG_WARN_DOCUMENTATION_COMMENTS = YES;
				CLANG_WARN_EMPTY_BODY = YES;
				CLANG_WARN_ENUM_CONVERSION = YES;
				CLANG_WARN_INFINITE_RECURSION = YES;
				CLANG_WARN_INT_CONVERSION = YES;
				CLANG_WARN_NON_LITERAL_NULL_CONVERSION = YES;
				CLANG_WARN_OBJC_IMPLICIT_RETAIN_SELF = YES;
				CLANG_WARN_OBJC_LITERAL_CONVERSION = YES;
				CLANG_WARN_OBJC_ROOT_CLASS = YES_ERROR;
				CLANG_WARN_QUOTED_INCLUDE_IN_FRAMEWORK_HEADER = YES;
				CLANG_WARN_RANGE_LOOP_ANALYSIS = YES;
				CLANG_WARN_STRICT_PROTOTYPES = YES;
				CLANG_WARN_SUSPICIOUS_MOVE = YES;
				CLANG_WARN_UNGUARDED_AVAILABILITY = YES_AGGRESSIVE;
				CLANG_WARN_UNREACHABLE_CODE = YES;
				CLANG_WARN__DUPLICATE_METHOD_MATCH = YES;
				COPY_PHASE_STRIP = NO;
				DEBUG_INFORMATION_FORMAT = "dwarf-with-dsym";
				ENABLE_NS_ASSERTIONS = NO;
				ENABLE_STRICT_OBJC_MSGSEND = YES;
				ENABLE_USER_SCRIPT_SANDBOXING = YES;
				GCC_C_LANGUAGE_STANDARD = gnu11;
				GCC_NO_COMMON_BLOCKS = YES;
				GCC_WARN_64_TO_32_BIT_CONVERSION = YES;
				GCC_WARN_ABOUT_RETURN_TYPE = YES_ERROR;
				GCC_WARN_UNDECLARED_SELECTOR = YES;
				GCC_WARN_UNINITIALIZED_AUTOS = YES_AGGRESSIVE;
				GCC_WARN_UNUSED_FUNCTION = YES;
				GCC_WARN_UNUSED_VARIABLE = YES;
				IPHONEOS_DEPLOYMENT_TARGET = 16.0;
				LIBRARY_SEARCH_PATHS = "$(PROJECT_DIR)/ToMP3Components";
				MTL_ENABLE_DEBUG_INFO = NO;
				MTL_FAST_MATH = YES;
				SDKROOT = iphoneos;
				SWIFT_COMPILATION_MODE = wholemodule;
				SWIFT_OPTIMIZATION_LEVEL = "-O";
				VALIDATE_PRODUCT = YES;
			};
			name = Release;
		};
		0189DBB627D7035500956E28 /* Debug */ = {
			isa = XCBuildConfiguration;
			buildSettings = {
				ARCHS = "$(ARCHS_STANDARD)";
				ASSETCATALOG_COMPILER_APPICON_NAME = AppIcon;
				ASSETCATALOG_COMPILER_GLOBAL_ACCENT_COLOR_NAME = AccentColor;
				CLANG_ENABLE_MODULES = YES;
				CODE_SIGN_ENTITLEMENTS = Cassetta/Cassetta.entitlements;
				CODE_SIGN_STYLE = Automatic;
				CURRENT_PROJECT_VERSION = 1;
				DEVELOPMENT_ASSET_PATHS = "\"Cassetta/Preview Content\"";
				DEVELOPMENT_TEAM = 2MWFTHNH2D;
				ENABLE_PREVIEWS = YES;
				GENERATE_INFOPLIST_FILE = YES;
				INFOPLIST_FILE = Cassetta/Info.plist;
				INFOPLIST_KEY_CFBundleDisplayName = Cassetta;
				INFOPLIST_KEY_LSApplicationCategoryType = "public.app-category.social-networking";
				INFOPLIST_KEY_NSMicrophoneUsageDescription = "Cassetta needs access to the microphone for recording a posts audio.";
				INFOPLIST_KEY_UIApplicationSceneManifest_Generation = YES;
				INFOPLIST_KEY_UIApplicationSupportsIndirectInputEvents = YES;
				INFOPLIST_KEY_UILaunchScreen_Generation = YES;
				INFOPLIST_KEY_UISupportedInterfaceOrientations_iPad = "UIInterfaceOrientationPortrait UIInterfaceOrientationPortraitUpsideDown UIInterfaceOrientationLandscapeLeft UIInterfaceOrientationLandscapeRight";
				INFOPLIST_KEY_UISupportedInterfaceOrientations_iPhone = UIInterfaceOrientationPortrait;
				INFOPLIST_KEY_UIUserInterfaceStyle = Light;
				IPHONEOS_DEPLOYMENT_TARGET = 18.0;
				LD_RUNPATH_SEARCH_PATHS = (
					"$(inherited)",
					"@executable_path/Frameworks",
				);
				LIBRARY_SEARCH_PATHS = "$(inherited)";
				MARKETING_VERSION = 1.0;
				PRODUCT_BUNDLE_IDENTIFIER = com.nickcancode.Cassetta;
				PRODUCT_NAME = "$(TARGET_NAME)";
				SUPPORTED_PLATFORMS = "iphoneos iphonesimulator";
				SUPPORTS_MACCATALYST = NO;
				SUPPORTS_MAC_DESIGNED_FOR_IPHONE_IPAD = NO;
				SUPPORTS_XR_DESIGNED_FOR_IPHONE_IPAD = NO;
				SWIFT_EMIT_LOC_STRINGS = YES;
				SWIFT_OBJC_BRIDGING_HEADER = "";
				SWIFT_OPTIMIZATION_LEVEL = "-Onone";
				SWIFT_VERSION = 5.0;
				TARGETED_DEVICE_FAMILY = "1,2";
			};
			name = Debug;
		};
		0189DBB727D7035500956E28 /* Release */ = {
			isa = XCBuildConfiguration;
			buildSettings = {
				ARCHS = "$(ARCHS_STANDARD)";
				ASSETCATALOG_COMPILER_APPICON_NAME = AppIcon;
				ASSETCATALOG_COMPILER_GLOBAL_ACCENT_COLOR_NAME = AccentColor;
				CLANG_ENABLE_MODULES = YES;
				CODE_SIGN_ENTITLEMENTS = Cassetta/Cassetta.entitlements;
				CODE_SIGN_STYLE = Automatic;
				CURRENT_PROJECT_VERSION = 1;
				DEVELOPMENT_ASSET_PATHS = "\"Cassetta/Preview Content\"";
				DEVELOPMENT_TEAM = 2MWFTHNH2D;
				ENABLE_PREVIEWS = YES;
				GENERATE_INFOPLIST_FILE = YES;
				INFOPLIST_FILE = Cassetta/Info.plist;
				INFOPLIST_KEY_CFBundleDisplayName = Cassetta;
				INFOPLIST_KEY_LSApplicationCategoryType = "public.app-category.social-networking";
				INFOPLIST_KEY_NSMicrophoneUsageDescription = "Cassetta needs access to the microphone for recording a posts audio.";
				INFOPLIST_KEY_UIApplicationSceneManifest_Generation = YES;
				INFOPLIST_KEY_UIApplicationSupportsIndirectInputEvents = YES;
				INFOPLIST_KEY_UILaunchScreen_Generation = YES;
				INFOPLIST_KEY_UISupportedInterfaceOrientations_iPad = "UIInterfaceOrientationPortrait UIInterfaceOrientationPortraitUpsideDown UIInterfaceOrientationLandscapeLeft UIInterfaceOrientationLandscapeRight";
				INFOPLIST_KEY_UISupportedInterfaceOrientations_iPhone = UIInterfaceOrientationPortrait;
				INFOPLIST_KEY_UIUserInterfaceStyle = Light;
				IPHONEOS_DEPLOYMENT_TARGET = 18.0;
				LD_RUNPATH_SEARCH_PATHS = (
					"$(inherited)",
					"@executable_path/Frameworks",
				);
				LIBRARY_SEARCH_PATHS = "$(inherited)";
				MARKETING_VERSION = 1.0;
				PRODUCT_BUNDLE_IDENTIFIER = com.nickcancode.Cassetta;
				PRODUCT_NAME = "$(TARGET_NAME)";
				SUPPORTED_PLATFORMS = "iphoneos iphonesimulator";
				SUPPORTS_MACCATALYST = NO;
				SUPPORTS_MAC_DESIGNED_FOR_IPHONE_IPAD = NO;
				SUPPORTS_XR_DESIGNED_FOR_IPHONE_IPAD = NO;
				SWIFT_EMIT_LOC_STRINGS = YES;
				SWIFT_OBJC_BRIDGING_HEADER = "";
				SWIFT_VERSION = 5.0;
				TARGETED_DEVICE_FAMILY = "1,2";
			};
			name = Release;
		};
/* End XCBuildConfiguration section */

/* Begin XCConfigurationList section */
		0189DBA227D7035100956E28 /* Build configuration list for PBXProject "Cassetta" */ = {
			isa = XCConfigurationList;
			buildConfigurations = (
				0189DBB327D7035500956E28 /* Debug */,
				0189DBB427D7035500956E28 /* Release */,
			);
			defaultConfigurationIsVisible = 0;
			defaultConfigurationName = Release;
		};
		0189DBB527D7035500956E28 /* Build configuration list for PBXNativeTarget "Cassetta" */ = {
			isa = XCConfigurationList;
			buildConfigurations = (
				0189DBB627D7035500956E28 /* Debug */,
				0189DBB727D7035500956E28 /* Release */,
			);
			defaultConfigurationIsVisible = 0;
			defaultConfigurationName = Release;
		};
/* End XCConfigurationList section */

/* Begin XCRemoteSwiftPackageReference section */
		010251692926EEF400908D62 /* XCRemoteSwiftPackageReference "Kingfisher" */ = {
			isa = XCRemoteSwiftPackageReference;
			repositoryURL = "https://github.com/onevcat/Kingfisher.git";
			requirement = {
				branch = master;
				kind = branch;
			};
		};
		014BA7E42991A65600370AE3 /* XCRemoteSwiftPackageReference "AudioStreaming" */ = {
			isa = XCRemoteSwiftPackageReference;
			repositoryURL = "https://github.com/dimitris-c/AudioStreaming";
			requirement = {
				kind = upToNextMajorVersion;
				minimumVersion = 1.0.0;
			};
		};
		014BA7E92992CEC700370AE3 /* XCRemoteSwiftPackageReference "AudioKit" */ = {
			isa = XCRemoteSwiftPackageReference;
			repositoryURL = "https://github.com/AudioKit/AudioKit.git";
			requirement = {
				branch = main;
				kind = branch;
			};
		};
		0152FFB22BFC458300FF30AA /* XCRemoteSwiftPackageReference "firebase-ios-sdk" */ = {
			isa = XCRemoteSwiftPackageReference;
			repositoryURL = "https://github.com/firebase/firebase-ios-sdk";
			requirement = {
				kind = upToNextMajorVersion;
				minimumVersion = 11.0.0;
			};
		};
		018BA10A2CF3B79E0040AF45 /* XCRemoteSwiftPackageReference "TOCropViewController" */ = {
			isa = XCRemoteSwiftPackageReference;
			repositoryURL = "https://github.com/TimOliver/TOCropViewController.git";
			requirement = {
				kind = upToNextMajorVersion;
				minimumVersion = 2.7.4;
			};
		};
		0190C3C12E8DBBA700B61132 /* XCRemoteSwiftPackageReference "LNPopupUI" */ = {
			isa = XCRemoteSwiftPackageReference;
			repositoryURL = "https://github.com/LeoNatan/LNPopupUI";
			requirement = {
				kind = upToNextMajorVersion;
				minimumVersion = 2.0.2;
			};
		};
/* End XCRemoteSwiftPackageReference section */

/* Begin XCSwiftPackageProductDependency section */
		0102516A2926EEF400908D62 /* Kingfisher */ = {
			isa = XCSwiftPackageProductDependency;
			package = 010251692926EEF400908D62 /* XCRemoteSwiftPackageReference "Kingfisher" */;
			productName = Kingfisher;
		};
		014BA7E52991A65600370AE3 /* AudioStreaming */ = {
			isa = XCSwiftPackageProductDependency;
			package = 014BA7E42991A65600370AE3 /* XCRemoteSwiftPackageReference "AudioStreaming" */;
			productName = AudioStreaming;
		};
		014BA7EA2992CEC700370AE3 /* AudioKit */ = {
			isa = XCSwiftPackageProductDependency;
			package = 014BA7E92992CEC700370AE3 /* XCRemoteSwiftPackageReference "AudioKit" */;
			productName = AudioKit;
		};
		016C5A292BE74724007F4BBF /* FirebaseAnalytics */ = {
			isa = XCSwiftPackageProductDependency;
			productName = FirebaseAnalytics;
		};
		016C5A2B2BE74724007F4BBF /* FirebaseAnalyticsOnDeviceConversion */ = {
			isa = XCSwiftPackageProductDependency;
			productName = FirebaseAnalyticsOnDeviceConversion;
		};
		016C5A2F2BE74724007F4BBF /* FirebaseAnalyticsWithoutAdIdSupport */ = {
			isa = XCSwiftPackageProductDependency;
			productName = FirebaseAnalyticsWithoutAdIdSupport;
		};
		016C5A312BE74724007F4BBF /* FirebaseAppCheck */ = {
			isa = XCSwiftPackageProductDependency;
			productName = FirebaseAppCheck;
		};
		016C5A332BE74724007F4BBF /* FirebaseAppDistribution-Beta */ = {
			isa = XCSwiftPackageProductDependency;
			productName = "FirebaseAppDistribution-Beta";
		};
		016C5A352BE74724007F4BBF /* FirebaseAuth */ = {
			isa = XCSwiftPackageProductDependency;
			productName = FirebaseAuth;
		};
		016C5A372BE74724007F4BBF /* FirebaseAuthCombine-Community */ = {
			isa = XCSwiftPackageProductDependency;
			productName = "FirebaseAuthCombine-Community";
		};
		016C5A392BE74724007F4BBF /* FirebaseCrashlytics */ = {
			isa = XCSwiftPackageProductDependency;
			productName = FirebaseCrashlytics;
		};
		016C5A3B2BE74724007F4BBF /* FirebaseDatabase */ = {
			isa = XCSwiftPackageProductDependency;
			productName = FirebaseDatabase;
		};
		016C5A3F2BE74724007F4BBF /* FirebaseDynamicLinks */ = {
			isa = XCSwiftPackageProductDependency;
			productName = FirebaseDynamicLinks;
		};
		016C5A412BE74724007F4BBF /* FirebaseFirestore */ = {
			isa = XCSwiftPackageProductDependency;
			productName = FirebaseFirestore;
		};
		016C5A432BE74724007F4BBF /* FirebaseFirestoreCombine-Community */ = {
			isa = XCSwiftPackageProductDependency;
			productName = "FirebaseFirestoreCombine-Community";
		};
		016C5A472BE74724007F4BBF /* FirebaseFunctions */ = {
			isa = XCSwiftPackageProductDependency;
			productName = FirebaseFunctions;
		};
		016C5A492BE74724007F4BBF /* FirebaseFunctionsCombine-Community */ = {
			isa = XCSwiftPackageProductDependency;
			productName = "FirebaseFunctionsCombine-Community";
		};
		016C5A4B2BE74724007F4BBF /* FirebaseInAppMessaging-Beta */ = {
			isa = XCSwiftPackageProductDependency;
			productName = "FirebaseInAppMessaging-Beta";
		};
		016C5A4F2BE74724007F4BBF /* FirebaseInstallations */ = {
			isa = XCSwiftPackageProductDependency;
			productName = FirebaseInstallations;
		};
		016C5A512BE74724007F4BBF /* FirebaseMLModelDownloader */ = {
			isa = XCSwiftPackageProductDependency;
			productName = FirebaseMLModelDownloader;
		};
		016C5A532BE74724007F4BBF /* FirebaseMessaging */ = {
			isa = XCSwiftPackageProductDependency;
			productName = FirebaseMessaging;
		};
		016C5A552BE74724007F4BBF /* FirebasePerformance */ = {
			isa = XCSwiftPackageProductDependency;
			productName = FirebasePerformance;
		};
		016C5A572BE74724007F4BBF /* FirebaseRemoteConfig */ = {
			isa = XCSwiftPackageProductDependency;
			productName = FirebaseRemoteConfig;
		};
		016C5A5B2BE74724007F4BBF /* FirebaseStorage */ = {
			isa = XCSwiftPackageProductDependency;
			productName = FirebaseStorage;
		};
		016C5A5D2BE74724007F4BBF /* FirebaseStorageCombine-Community */ = {
			isa = XCSwiftPackageProductDependency;
			productName = "FirebaseStorageCombine-Community";
		};
		018BA10B2CF3B79E0040AF45 /* CropViewController */ = {
			isa = XCSwiftPackageProductDependency;
			package = 018BA10A2CF3B79E0040AF45 /* XCRemoteSwiftPackageReference "TOCropViewController" */;
			productName = CropViewController;
		};
		018BA10D2CF3B79E0040AF45 /* TOCropViewController */ = {
			isa = XCSwiftPackageProductDependency;
			package = 018BA10A2CF3B79E0040AF45 /* XCRemoteSwiftPackageReference "TOCropViewController" */;
			productName = TOCropViewController;
		};
		0190C3C22E8DBBA700B61132 /* LNPopupUI */ = {
			isa = XCSwiftPackageProductDependency;
			package = 0190C3C12E8DBBA700B61132 /* XCRemoteSwiftPackageReference "LNPopupUI" */;
			productName = LNPopupUI;
		};
		0190C3C42E8DBBA700B61132 /* LNPopupUI-Static */ = {
			isa = XCSwiftPackageProductDependency;
			package = 0190C3C12E8DBBA700B61132 /* XCRemoteSwiftPackageReference "LNPopupUI" */;
			productName = "LNPopupUI-Static";
		};
		01F847282C7EC774006A0EA9 /* FirebaseAnalytics */ = {
			isa = XCSwiftPackageProductDependency;
			productName = FirebaseAnalytics;
		};
		01F8472A2C7EC774006A0EA9 /* FirebaseAnalyticsOnDeviceConversion */ = {
			isa = XCSwiftPackageProductDependency;
			productName = FirebaseAnalyticsOnDeviceConversion;
		};
		01F8472C2C7EC774006A0EA9 /* FirebaseAnalyticsWithoutAdIdSupport */ = {
			isa = XCSwiftPackageProductDependency;
			productName = FirebaseAnalyticsWithoutAdIdSupport;
		};
		01F8472E2C7EC774006A0EA9 /* FirebaseAppCheck */ = {
			isa = XCSwiftPackageProductDependency;
			productName = FirebaseAppCheck;
		};
		01F847302C7EC774006A0EA9 /* FirebaseAppDistribution-Beta */ = {
			isa = XCSwiftPackageProductDependency;
			productName = "FirebaseAppDistribution-Beta";
		};
		01F847322C7EC774006A0EA9 /* FirebaseAuth */ = {
			isa = XCSwiftPackageProductDependency;
			productName = FirebaseAuth;
		};
		01F847342C7EC774006A0EA9 /* FirebaseCrashlytics */ = {
			isa = XCSwiftPackageProductDependency;
			productName = FirebaseCrashlytics;
		};
		01F847362C7EC774006A0EA9 /* FirebaseDatabase */ = {
			isa = XCSwiftPackageProductDependency;
			productName = FirebaseDatabase;
		};
		01F847382C7EC774006A0EA9 /* FirebaseDynamicLinks */ = {
			isa = XCSwiftPackageProductDependency;
			productName = FirebaseDynamicLinks;
		};
		01F8473A2C7EC774006A0EA9 /* FirebaseFirestore */ = {
			isa = XCSwiftPackageProductDependency;
			productName = FirebaseFirestore;
		};
		01F8473C2C7EC774006A0EA9 /* FirebaseFunctions */ = {
			isa = XCSwiftPackageProductDependency;
			productName = FirebaseFunctions;
		};
		01F8473E2C7EC774006A0EA9 /* FirebaseMessaging */ = {
			isa = XCSwiftPackageProductDependency;
			productName = FirebaseMessaging;
		};
		01F847402C7EC774006A0EA9 /* FirebasePerformance */ = {
			isa = XCSwiftPackageProductDependency;
			productName = FirebasePerformance;
		};
		01F847422C7EC774006A0EA9 /* FirebaseRemoteConfig */ = {
			isa = XCSwiftPackageProductDependency;
			productName = FirebaseRemoteConfig;
		};
		01F847442C7EC774006A0EA9 /* FirebaseStorage */ = {
			isa = XCSwiftPackageProductDependency;
			productName = FirebaseStorage;
		};
/* End XCSwiftPackageProductDependency section */
	};
	rootObject = 0189DB9F27D7035100956E28 /* Project object */;
}
