// !$*UTF8*$!
{
	archiveVersion = 1;
	classes = {
	};
	objectVersion = 55;
	objects = {

/* Begin PBXBuildFile section */
		010251562926EE2700908D62 /* FirebaseAnalytics in Frameworks */ = {isa = PBXBuildFile; productRef = 010251552926EE2700908D62 /* FirebaseAnalytics */; };
		010251582926EE2700908D62 /* FirebaseAuth in Frameworks */ = {isa = PBXBuildFile; productRef = 010251572926EE2700908D62 /* FirebaseAuth */; };
		0102515A2926EE2700908D62 /* FirebaseDatabase in Frameworks */ = {isa = PBXBuildFile; productRef = 010251592926EE2700908D62 /* FirebaseDatabase */; };
		0102515C2926EE2700908D62 /* FirebaseDatabaseSwift in Frameworks */ = {isa = PBXBuildFile; productRef = 0102515B2926EE2700908D62 /* FirebaseDatabaseSwift */; };
		0102515E2926EE2700908D62 /* FirebaseDynamicLinks in Frameworks */ = {isa = PBXBuildFile; productRef = 0102515D2926EE2700908D62 /* FirebaseDynamicLinks */; };
		010251602926EE2700908D62 /* FirebaseFirestore in Frameworks */ = {isa = PBXBuildFile; productRef = 0102515F2926EE2700908D62 /* FirebaseFirestore */; };
		010251622926EE2700908D62 /* FirebaseFirestoreSwift in Frameworks */ = {isa = PBXBuildFile; productRef = 010251612926EE2700908D62 /* FirebaseFirestoreSwift */; };
		010251642926EE2700908D62 /* FirebaseFunctions in Frameworks */ = {isa = PBXBuildFile; productRef = 010251632926EE2700908D62 /* FirebaseFunctions */; };
		010251662926EE2700908D62 /* FirebaseMessaging in Frameworks */ = {isa = PBXBuildFile; productRef = 010251652926EE2700908D62 /* FirebaseMessaging */; };
		010251682926EE2700908D62 /* FirebaseStorage in Frameworks */ = {isa = PBXBuildFile; productRef = 010251672926EE2700908D62 /* FirebaseStorage */; };
		0102516B2926EEF400908D62 /* Kingfisher in Frameworks */ = {isa = PBXBuildFile; productRef = 0102516A2926EEF400908D62 /* Kingfisher */; };
		0102516D2926F39E00908D62 /* User.swift in Sources */ = {isa = PBXBuildFile; fileRef = 0102516C2926F39E00908D62 /* User.swift */; };
		0102516F2926F58900908D62 /* Constants.swift in Sources */ = {isa = PBXBuildFile; fileRef = 0102516E2926F58900908D62 /* Constants.swift */; };
		010B6B8C2915AFDD00A13DC8 /* GoogleService-Info.plist in Resources */ = {isa = PBXBuildFile; fileRef = 010B6B8B2915AFDD00A13DC8 /* GoogleService-Info.plist */; };
		010B6B8E2915B3B800A13DC8 /* AuthViewModel.swift in Sources */ = {isa = PBXBuildFile; fileRef = 010B6B8D2915B3B800A13DC8 /* AuthViewModel.swift */; };
		0116A8DC28C3B9800050780B /* UserCell.swift in Sources */ = {isa = PBXBuildFile; fileRef = 0116A8DB28C3B9800050780B /* UserCell.swift */; };
		0116A8DF28C3BE390050780B /* RecordPostView.swift in Sources */ = {isa = PBXBuildFile; fileRef = 0116A8DE28C3BE390050780B /* RecordPostView.swift */; };
		0116A8E128C3BEB60050780B /* SearchView.swift in Sources */ = {isa = PBXBuildFile; fileRef = 0116A8E028C3BEB60050780B /* SearchView.swift */; };
		0121566B2953ACD000C7D4DC /* Helper.swift in Sources */ = {isa = PBXBuildFile; fileRef = 0121566A2953ACD000C7D4DC /* Helper.swift */; };
		0121566D2953AD3100C7D4DC /* RecordingDataModel.swift in Sources */ = {isa = PBXBuildFile; fileRef = 0121566C2953AD3100C7D4DC /* RecordingDataModel.swift */; };
		012156702953ADD600C7D4DC /* AudioRecorderViewModel.swift in Sources */ = {isa = PBXBuildFile; fileRef = 0121566F2953ADD600C7D4DC /* AudioRecorderViewModel.swift */; };
		012156722953AF3B00C7D4DC /* PreviewAudioPlayerViewModel.swift in Sources */ = {isa = PBXBuildFile; fileRef = 012156712953AF3B00C7D4DC /* PreviewAudioPlayerViewModel.swift */; };
		012156742953B01D00C7D4DC /* ConcatenateAudioFiles.swift in Sources */ = {isa = PBXBuildFile; fileRef = 012156732953B01D00C7D4DC /* ConcatenateAudioFiles.swift */; };
		012156762953B1FC00C7D4DC /* RecordingsList.swift in Sources */ = {isa = PBXBuildFile; fileRef = 012156752953B1FC00C7D4DC /* RecordingsList.swift */; };
		0130F5362929808D0033BC32 /* LargeUserCell.swift in Sources */ = {isa = PBXBuildFile; fileRef = 0130F5352929808D0033BC32 /* LargeUserCell.swift */; };
		0130F538292981A80033BC32 /* SearchViewModel.swift in Sources */ = {isa = PBXBuildFile; fileRef = 0130F537292981A80033BC32 /* SearchViewModel.swift */; };
		01473BFF29232058004E0429 /* ImageUploader.swift in Sources */ = {isa = PBXBuildFile; fileRef = 01473BFE29232058004E0429 /* ImageUploader.swift */; };
		014DF97F28D17EBC00E6A754 /* SearchBar.swift in Sources */ = {isa = PBXBuildFile; fileRef = 014DF97E28D17EBC00E6A754 /* SearchBar.swift */; };
		014DF98128D1807500E6A754 /* Extensions.swift in Sources */ = {isa = PBXBuildFile; fileRef = 014DF98028D1807500E6A754 /* Extensions.swift */; };
		014DF98328D29EF000E6A754 /* UserListView.swift in Sources */ = {isa = PBXBuildFile; fileRef = 014DF98228D29EF000E6A754 /* UserListView.swift */; };
		014DF98928D3A78300E6A754 /* NotificationsView.swift in Sources */ = {isa = PBXBuildFile; fileRef = 014DF98828D3A78300E6A754 /* NotificationsView.swift */; };
		014DF98B28D3A7C900E6A754 /* NotificationCell.swift in Sources */ = {isa = PBXBuildFile; fileRef = 014DF98A28D3A7C900E6A754 /* NotificationCell.swift */; };
		014DF98D28D3AC8C00E6A754 /* HighlightsView.swift in Sources */ = {isa = PBXBuildFile; fileRef = 014DF98C28D3AC8C00E6A754 /* HighlightsView.swift */; };
		014DF98F28D3B7D400E6A754 /* HighlightCell.swift in Sources */ = {isa = PBXBuildFile; fileRef = 014DF98E28D3B7D300E6A754 /* HighlightCell.swift */; };
		014DF99128D4D17D00E6A754 /* CategoryCell.swift in Sources */ = {isa = PBXBuildFile; fileRef = 014DF99028D4D17D00E6A754 /* CategoryCell.swift */; };
		014DF99328D4DE8400E6A754 /* CategoryGridView.swift in Sources */ = {isa = PBXBuildFile; fileRef = 014DF99228D4DE8400E6A754 /* CategoryGridView.swift */; };
		014DF99528D4FF9A00E6A754 /* UserStatView.swift in Sources */ = {isa = PBXBuildFile; fileRef = 014DF99428D4FF9A00E6A754 /* UserStatView.swift */; };
		014DF99728D5000E00E6A754 /* ProfileHeaderView.swift in Sources */ = {isa = PBXBuildFile; fileRef = 014DF99628D5000E00E6A754 /* ProfileHeaderView.swift */; };
		014DF99928D5006200E6A754 /* ProfileActionButtonView.swift in Sources */ = {isa = PBXBuildFile; fileRef = 014DF99828D5006200E6A754 /* ProfileActionButtonView.swift */; };
		015CE4E3293AA2F50096D35C /* BottomControlsView.swift in Sources */ = {isa = PBXBuildFile; fileRef = 015CE4E2293AA2F50096D35C /* BottomControlsView.swift */; };
		015E087E292EE19700350D13 /* UserService.swift in Sources */ = {isa = PBXBuildFile; fileRef = 015E087D292EE19700350D13 /* UserService.swift */; };
		015E0880292EF48400350D13 /* ProfileViewModel.swift in Sources */ = {isa = PBXBuildFile; fileRef = 015E087F292EF48400350D13 /* ProfileViewModel.swift */; };
		01818DBA2970C961008B4EB3 /* Post.swift in Sources */ = {isa = PBXBuildFile; fileRef = 01818DB92970C961008B4EB3 /* Post.swift */; };
		01818DBC2970D06E008B4EB3 /* FeedViewModel.swift in Sources */ = {isa = PBXBuildFile; fileRef = 01818DBB2970D06E008B4EB3 /* FeedViewModel.swift */; };
		0189DBAB27D7035100956E28 /* CassettaApp.swift in Sources */ = {isa = PBXBuildFile; fileRef = 0189DBAA27D7035100956E28 /* CassettaApp.swift */; };
		0189DBAD27D7035100956E28 /* ContentView.swift in Sources */ = {isa = PBXBuildFile; fileRef = 0189DBAC27D7035100956E28 /* ContentView.swift */; };
		0189DBAF27D7035400956E28 /* Assets.xcassets in Resources */ = {isa = PBXBuildFile; fileRef = 0189DBAE27D7035400956E28 /* Assets.xcassets */; };
		0189DBB227D7035500956E28 /* Preview Assets.xcassets in Resources */ = {isa = PBXBuildFile; fileRef = 0189DBB127D7035400956E28 /* Preview Assets.xcassets */; };
		0189DBBC27DC38EC00956E28 /* Card.swift in Sources */ = {isa = PBXBuildFile; fileRef = 0189DBBB27DC38EC00956E28 /* Card.swift */; };
		0189DBC027E03CBA00956E28 /* ListenLikeCount.swift in Sources */ = {isa = PBXBuildFile; fileRef = 0189DBBF27E03CBA00956E28 /* ListenLikeCount.swift */; };
		018C4A5228516FE70029BEB1 /* ProfileView.swift in Sources */ = {isa = PBXBuildFile; fileRef = 018C4A5128516FE70029BEB1 /* ProfileView.swift */; };
		018C4A54285194870029BEB1 /* Feed.swift in Sources */ = {isa = PBXBuildFile; fileRef = 018C4A53285194870029BEB1 /* Feed.swift */; };
		0198C7D528E9F9E900676189 /* TabBarView.swift in Sources */ = {isa = PBXBuildFile; fileRef = 0198C7D428E9F9E900676189 /* TabBarView.swift */; };
		0198C7D728EA048C00676189 /* CustomSecureField.swift in Sources */ = {isa = PBXBuildFile; fileRef = 0198C7D628EA048C00676189 /* CustomSecureField.swift */; };
		0198C7D928EA080500676189 /* RegistrationView.swift in Sources */ = {isa = PBXBuildFile; fileRef = 0198C7D828EA080500676189 /* RegistrationView.swift */; };
		0198C7DB28EA08C200676189 /* ImagePicker.swift in Sources */ = {isa = PBXBuildFile; fileRef = 0198C7DA28EA08C200676189 /* ImagePicker.swift */; };
		0198C7DD28EA111400676189 /* ForgetPasswordView.swift in Sources */ = {isa = PBXBuildFile; fileRef = 0198C7DC28EA111300676189 /* ForgetPasswordView.swift */; };
		019F62E82947C1040045FF39 /* MainTabView.swift in Sources */ = {isa = PBXBuildFile; fileRef = 019F62E72947C1040045FF39 /* MainTabView.swift */; };
		019F62EA2947D15E0045FF39 /* PlayBackPostView.swift in Sources */ = {isa = PBXBuildFile; fileRef = 019F62E92947D15E0045FF39 /* PlayBackPostView.swift */; };
		019F62EC2947D1FA0045FF39 /* DetailPostView.swift in Sources */ = {isa = PBXBuildFile; fileRef = 019F62EB2947D1FA0045FF39 /* DetailPostView.swift */; };
		019F62EE2947E9F40045FF39 /* MultilineTextField.swift in Sources */ = {isa = PBXBuildFile; fileRef = 019F62ED2947E9F40045FF39 /* MultilineTextField.swift */; };
		019F62F02947F8D10045FF39 /* EmailTextField.swift in Sources */ = {isa = PBXBuildFile; fileRef = 019F62EF2947F8D10045FF39 /* EmailTextField.swift */; };
		019F62F22948FBC90045FF39 /* CategoriesView.swift in Sources */ = {isa = PBXBuildFile; fileRef = 019F62F12948FBC90045FF39 /* CategoriesView.swift */; };
		019F62F4294909AA0045FF39 /* StyledButton.swift in Sources */ = {isa = PBXBuildFile; fileRef = 019F62F3294909AA0045FF39 /* StyledButton.swift */; };
		01AA96E62966524900011F52 /* AudioUploader.swift in Sources */ = {isa = PBXBuildFile; fileRef = 01AA96E52966524800011F52 /* AudioUploader.swift */; };
		01AA96E829665C7E00011F52 /* UploadPostViewModel.swift in Sources */ = {isa = PBXBuildFile; fileRef = 01AA96E729665C7E00011F52 /* UploadPostViewModel.swift */; };
		01C42089293AB528003FF2D5 /* PlayerContentView.swift in Sources */ = {isa = PBXBuildFile; fileRef = 01C42088293AB528003FF2D5 /* PlayerContentView.swift */; };
		01C4208B293AB7EA003FF2D5 /* CommentsView.swift in Sources */ = {isa = PBXBuildFile; fileRef = 01C4208A293AB7EA003FF2D5 /* CommentsView.swift */; };
		01C4208D293AC621003FF2D5 /* CommentCell.swift in Sources */ = {isa = PBXBuildFile; fileRef = 01C4208C293AC621003FF2D5 /* CommentCell.swift */; };
		01D0460A28E9F3A900038C1C /* LoginView.swift in Sources */ = {isa = PBXBuildFile; fileRef = 01D0460928E9F3A900038C1C /* LoginView.swift */; };
		01D0460C28E9F4C200038C1C /* CustomTextField.swift in Sources */ = {isa = PBXBuildFile; fileRef = 01D0460B28E9F4C200038C1C /* CustomTextField.swift */; };
		01DAE9D028DF83E400F61034 /* PlayerView.swift in Sources */ = {isa = PBXBuildFile; fileRef = 01DAE9CF28DF83E400F61034 /* PlayerView.swift */; };
		01ECA3F02979B45A00AB9082 /* LNPopupUI-Static in Frameworks */ = {isa = PBXBuildFile; productRef = 01ECA3EF2979B45A00AB9082 /* LNPopupUI-Static */; };
/* End PBXBuildFile section */

/* Begin PBXFileReference section */
		0102516C2926F39E00908D62 /* User.swift */ = {isa = PBXFileReference; lastKnownFileType = sourcecode.swift; path = User.swift; sourceTree = "<group>"; };
		0102516E2926F58900908D62 /* Constants.swift */ = {isa = PBXFileReference; lastKnownFileType = sourcecode.swift; path = Constants.swift; sourceTree = "<group>"; };
		010B6B8B2915AFDD00A13DC8 /* GoogleService-Info.plist */ = {isa = PBXFileReference; fileEncoding = 4; lastKnownFileType = text.plist.xml; path = "GoogleService-Info.plist"; sourceTree = "<group>"; };
		010B6B8D2915B3B800A13DC8 /* AuthViewModel.swift */ = {isa = PBXFileReference; lastKnownFileType = sourcecode.swift; path = AuthViewModel.swift; sourceTree = "<group>"; };
		0116A8DB28C3B9800050780B /* UserCell.swift */ = {isa = PBXFileReference; lastKnownFileType = sourcecode.swift; path = UserCell.swift; sourceTree = "<group>"; };
		0116A8DE28C3BE390050780B /* RecordPostView.swift */ = {isa = PBXFileReference; lastKnownFileType = sourcecode.swift; path = RecordPostView.swift; sourceTree = "<group>"; };
		0116A8E028C3BEB60050780B /* SearchView.swift */ = {isa = PBXFileReference; lastKnownFileType = sourcecode.swift; path = SearchView.swift; sourceTree = "<group>"; };
		0121566A2953ACD000C7D4DC /* Helper.swift */ = {isa = PBXFileReference; lastKnownFileType = sourcecode.swift; path = Helper.swift; sourceTree = "<group>"; };
		0121566C2953AD3100C7D4DC /* RecordingDataModel.swift */ = {isa = PBXFileReference; lastKnownFileType = sourcecode.swift; path = RecordingDataModel.swift; sourceTree = "<group>"; };
		0121566F2953ADD600C7D4DC /* AudioRecorderViewModel.swift */ = {isa = PBXFileReference; lastKnownFileType = sourcecode.swift; path = AudioRecorderViewModel.swift; sourceTree = "<group>"; };
		012156712953AF3B00C7D4DC /* PreviewAudioPlayerViewModel.swift */ = {isa = PBXFileReference; lastKnownFileType = sourcecode.swift; path = PreviewAudioPlayerViewModel.swift; sourceTree = "<group>"; };
		012156732953B01D00C7D4DC /* ConcatenateAudioFiles.swift */ = {isa = PBXFileReference; lastKnownFileType = sourcecode.swift; path = ConcatenateAudioFiles.swift; sourceTree = "<group>"; };
		012156752953B1FC00C7D4DC /* RecordingsList.swift */ = {isa = PBXFileReference; lastKnownFileType = sourcecode.swift; path = RecordingsList.swift; sourceTree = "<group>"; };
		0130F5352929808D0033BC32 /* LargeUserCell.swift */ = {isa = PBXFileReference; lastKnownFileType = sourcecode.swift; path = LargeUserCell.swift; sourceTree = "<group>"; };
		0130F537292981A80033BC32 /* SearchViewModel.swift */ = {isa = PBXFileReference; lastKnownFileType = sourcecode.swift; path = SearchViewModel.swift; sourceTree = "<group>"; };
		01473BFE29232058004E0429 /* ImageUploader.swift */ = {isa = PBXFileReference; lastKnownFileType = sourcecode.swift; path = ImageUploader.swift; sourceTree = "<group>"; };
		014DF97E28D17EBC00E6A754 /* SearchBar.swift */ = {isa = PBXFileReference; lastKnownFileType = sourcecode.swift; path = SearchBar.swift; sourceTree = "<group>"; };
		014DF98028D1807500E6A754 /* Extensions.swift */ = {isa = PBXFileReference; lastKnownFileType = sourcecode.swift; path = Extensions.swift; sourceTree = "<group>"; };
		014DF98228D29EF000E6A754 /* UserListView.swift */ = {isa = PBXFileReference; lastKnownFileType = sourcecode.swift; path = UserListView.swift; sourceTree = "<group>"; };
		014DF98828D3A78300E6A754 /* NotificationsView.swift */ = {isa = PBXFileReference; lastKnownFileType = sourcecode.swift; path = NotificationsView.swift; sourceTree = "<group>"; };
		014DF98A28D3A7C900E6A754 /* NotificationCell.swift */ = {isa = PBXFileReference; lastKnownFileType = sourcecode.swift; path = NotificationCell.swift; sourceTree = "<group>"; };
		014DF98C28D3AC8C00E6A754 /* HighlightsView.swift */ = {isa = PBXFileReference; lastKnownFileType = sourcecode.swift; path = HighlightsView.swift; sourceTree = "<group>"; };
		014DF98E28D3B7D300E6A754 /* HighlightCell.swift */ = {isa = PBXFileReference; lastKnownFileType = sourcecode.swift; path = HighlightCell.swift; sourceTree = "<group>"; };
		014DF99028D4D17D00E6A754 /* CategoryCell.swift */ = {isa = PBXFileReference; lastKnownFileType = sourcecode.swift; path = CategoryCell.swift; sourceTree = "<group>"; };
		014DF99228D4DE8400E6A754 /* CategoryGridView.swift */ = {isa = PBXFileReference; lastKnownFileType = sourcecode.swift; path = CategoryGridView.swift; sourceTree = "<group>"; };
		014DF99428D4FF9A00E6A754 /* UserStatView.swift */ = {isa = PBXFileReference; lastKnownFileType = sourcecode.swift; path = UserStatView.swift; sourceTree = "<group>"; };
		014DF99628D5000E00E6A754 /* ProfileHeaderView.swift */ = {isa = PBXFileReference; lastKnownFileType = sourcecode.swift; path = ProfileHeaderView.swift; sourceTree = "<group>"; };
		014DF99828D5006200E6A754 /* ProfileActionButtonView.swift */ = {isa = PBXFileReference; lastKnownFileType = sourcecode.swift; path = ProfileActionButtonView.swift; sourceTree = "<group>"; };
		015AA3BD2950269E000BC6F5 /* Info.plist */ = {isa = PBXFileReference; lastKnownFileType = text.plist; path = Info.plist; sourceTree = "<group>"; };
		015CE4E2293AA2F50096D35C /* BottomControlsView.swift */ = {isa = PBXFileReference; lastKnownFileType = sourcecode.swift; path = BottomControlsView.swift; sourceTree = "<group>"; };
		015E087D292EE19700350D13 /* UserService.swift */ = {isa = PBXFileReference; lastKnownFileType = sourcecode.swift; path = UserService.swift; sourceTree = "<group>"; };
		015E087F292EF48400350D13 /* ProfileViewModel.swift */ = {isa = PBXFileReference; lastKnownFileType = sourcecode.swift; path = ProfileViewModel.swift; sourceTree = "<group>"; };
		01818DB92970C961008B4EB3 /* Post.swift */ = {isa = PBXFileReference; lastKnownFileType = sourcecode.swift; path = Post.swift; sourceTree = "<group>"; };
		01818DBB2970D06E008B4EB3 /* FeedViewModel.swift */ = {isa = PBXFileReference; lastKnownFileType = sourcecode.swift; path = FeedViewModel.swift; sourceTree = "<group>"; };
		0189DBA727D7035100956E28 /* Cassetta.app */ = {isa = PBXFileReference; explicitFileType = wrapper.application; includeInIndex = 0; path = Cassetta.app; sourceTree = BUILT_PRODUCTS_DIR; };
		0189DBAA27D7035100956E28 /* CassettaApp.swift */ = {isa = PBXFileReference; lastKnownFileType = sourcecode.swift; path = CassettaApp.swift; sourceTree = "<group>"; };
		0189DBAC27D7035100956E28 /* ContentView.swift */ = {isa = PBXFileReference; lastKnownFileType = sourcecode.swift; path = ContentView.swift; sourceTree = "<group>"; };
		0189DBAE27D7035400956E28 /* Assets.xcassets */ = {isa = PBXFileReference; lastKnownFileType = folder.assetcatalog; path = Assets.xcassets; sourceTree = "<group>"; };
		0189DBB127D7035400956E28 /* Preview Assets.xcassets */ = {isa = PBXFileReference; lastKnownFileType = folder.assetcatalog; path = "Preview Assets.xcassets"; sourceTree = "<group>"; };
		0189DBBB27DC38EC00956E28 /* Card.swift */ = {isa = PBXFileReference; lastKnownFileType = sourcecode.swift; path = Card.swift; sourceTree = "<group>"; };
		0189DBBF27E03CBA00956E28 /* ListenLikeCount.swift */ = {isa = PBXFileReference; lastKnownFileType = sourcecode.swift; path = ListenLikeCount.swift; sourceTree = "<group>"; };
		018C4A5128516FE70029BEB1 /* ProfileView.swift */ = {isa = PBXFileReference; lastKnownFileType = sourcecode.swift; path = ProfileView.swift; sourceTree = "<group>"; };
		018C4A53285194870029BEB1 /* Feed.swift */ = {isa = PBXFileReference; lastKnownFileType = sourcecode.swift; path = Feed.swift; sourceTree = "<group>"; };
		0198C7D428E9F9E900676189 /* TabBarView.swift */ = {isa = PBXFileReference; lastKnownFileType = sourcecode.swift; path = TabBarView.swift; sourceTree = "<group>"; };
		0198C7D628EA048C00676189 /* CustomSecureField.swift */ = {isa = PBXFileReference; lastKnownFileType = sourcecode.swift; path = CustomSecureField.swift; sourceTree = "<group>"; };
		0198C7D828EA080500676189 /* RegistrationView.swift */ = {isa = PBXFileReference; lastKnownFileType = sourcecode.swift; path = RegistrationView.swift; sourceTree = "<group>"; };
		0198C7DA28EA08C200676189 /* ImagePicker.swift */ = {isa = PBXFileReference; lastKnownFileType = sourcecode.swift; path = ImagePicker.swift; sourceTree = "<group>"; };
		0198C7DC28EA111300676189 /* ForgetPasswordView.swift */ = {isa = PBXFileReference; lastKnownFileType = sourcecode.swift; path = ForgetPasswordView.swift; sourceTree = "<group>"; };
		019F62E72947C1040045FF39 /* MainTabView.swift */ = {isa = PBXFileReference; lastKnownFileType = sourcecode.swift; path = MainTabView.swift; sourceTree = "<group>"; };
		019F62E92947D15E0045FF39 /* PlayBackPostView.swift */ = {isa = PBXFileReference; lastKnownFileType = sourcecode.swift; path = PlayBackPostView.swift; sourceTree = "<group>"; };
		019F62EB2947D1FA0045FF39 /* DetailPostView.swift */ = {isa = PBXFileReference; lastKnownFileType = sourcecode.swift; path = DetailPostView.swift; sourceTree = "<group>"; };
		019F62ED2947E9F40045FF39 /* MultilineTextField.swift */ = {isa = PBXFileReference; lastKnownFileType = sourcecode.swift; path = MultilineTextField.swift; sourceTree = "<group>"; };
		019F62EF2947F8D10045FF39 /* EmailTextField.swift */ = {isa = PBXFileReference; lastKnownFileType = sourcecode.swift; path = EmailTextField.swift; sourceTree = "<group>"; };
		019F62F12948FBC90045FF39 /* CategoriesView.swift */ = {isa = PBXFileReference; lastKnownFileType = sourcecode.swift; path = CategoriesView.swift; sourceTree = "<group>"; };
		019F62F3294909AA0045FF39 /* StyledButton.swift */ = {isa = PBXFileReference; lastKnownFileType = sourcecode.swift; path = StyledButton.swift; sourceTree = "<group>"; };
		01AA96E52966524800011F52 /* AudioUploader.swift */ = {isa = PBXFileReference; lastKnownFileType = sourcecode.swift; path = AudioUploader.swift; sourceTree = "<group>"; };
		01AA96E729665C7E00011F52 /* UploadPostViewModel.swift */ = {isa = PBXFileReference; lastKnownFileType = sourcecode.swift; path = UploadPostViewModel.swift; sourceTree = "<group>"; };
		01C42088293AB528003FF2D5 /* PlayerContentView.swift */ = {isa = PBXFileReference; lastKnownFileType = sourcecode.swift; path = PlayerContentView.swift; sourceTree = "<group>"; };
		01C4208A293AB7EA003FF2D5 /* CommentsView.swift */ = {isa = PBXFileReference; lastKnownFileType = sourcecode.swift; path = CommentsView.swift; sourceTree = "<group>"; };
		01C4208C293AC621003FF2D5 /* CommentCell.swift */ = {isa = PBXFileReference; lastKnownFileType = sourcecode.swift; path = CommentCell.swift; sourceTree = "<group>"; };
		01D0460928E9F3A900038C1C /* LoginView.swift */ = {isa = PBXFileReference; lastKnownFileType = sourcecode.swift; path = LoginView.swift; sourceTree = "<group>"; };
		01D0460B28E9F4C200038C1C /* CustomTextField.swift */ = {isa = PBXFileReference; lastKnownFileType = sourcecode.swift; path = CustomTextField.swift; sourceTree = "<group>"; };
		01DAE9CF28DF83E400F61034 /* PlayerView.swift */ = {isa = PBXFileReference; lastKnownFileType = sourcecode.swift; path = PlayerView.swift; sourceTree = "<group>"; };
/* End PBXFileReference section */

/* Begin PBXFrameworksBuildPhase section */
		0189DBA427D7035100956E28 /* Frameworks */ = {
			isa = PBXFrameworksBuildPhase;
			buildActionMask = 2147483647;
			files = (
				0102516B2926EEF400908D62 /* Kingfisher in Frameworks */,
				0102515C2926EE2700908D62 /* FirebaseDatabaseSwift in Frameworks */,
				010251562926EE2700908D62 /* FirebaseAnalytics in Frameworks */,
				010251662926EE2700908D62 /* FirebaseMessaging in Frameworks */,
				010251582926EE2700908D62 /* FirebaseAuth in Frameworks */,
				010251642926EE2700908D62 /* FirebaseFunctions in Frameworks */,
				01ECA3F02979B45A00AB9082 /* LNPopupUI-Static in Frameworks */,
				0102515A2926EE2700908D62 /* FirebaseDatabase in Frameworks */,
				0102515E2926EE2700908D62 /* FirebaseDynamicLinks in Frameworks */,
				010251682926EE2700908D62 /* FirebaseStorage in Frameworks */,
				010251602926EE2700908D62 /* FirebaseFirestore in Frameworks */,
				010251622926EE2700908D62 /* FirebaseFirestoreSwift in Frameworks */,
			);
			runOnlyForDeploymentPostprocessing = 0;
		};
/* End PBXFrameworksBuildPhase section */

/* Begin PBXGroup section */
		0116A8CB28C3B5CE0050780B /* ViewModel */ = {
			isa = PBXGroup;
			children = (
				0121566E2953AD7B00C7D4DC /* Post */,
				0116A8D828C3B7BC0050780B /* Authentication */,
				0116A8DA28C3B7D00050780B /* Feed */,
				0116A8D928C3B7C70050780B /* Notifications */,
				01C078F32919A5F100EBD7C1 /* Profile */,
			);
			path = ViewModel;
			sourceTree = "<group>";
		};
		0116A8CC28C3B6620050780B /* Model */ = {
			isa = PBXGroup;
			children = (
				0102516C2926F39E00908D62 /* User.swift */,
				0121566C2953AD3100C7D4DC /* RecordingDataModel.swift */,
				01818DB92970C961008B4EB3 /* Post.swift */,
			);
			path = Model;
			sourceTree = "<group>";
		};
		0116A8CD28C3B66B0050780B /* API */ = {
			isa = PBXGroup;
			children = (
				01473BFE29232058004E0429 /* ImageUploader.swift */,
				015E087D292EE19700350D13 /* UserService.swift */,
				01AA96E52966524800011F52 /* AudioUploader.swift */,
			);
			path = API;
			sourceTree = "<group>";
		};
		0116A8CE28C3B6730050780B /* Utils */ = {
			isa = PBXGroup;
			children = (
				014DF98028D1807500E6A754 /* Extensions.swift */,
				01D0460B28E9F4C200038C1C /* CustomTextField.swift */,
				0198C7D628EA048C00676189 /* CustomSecureField.swift */,
				0198C7DA28EA08C200676189 /* ImagePicker.swift */,
				0102516E2926F58900908D62 /* Constants.swift */,
				019F62ED2947E9F40045FF39 /* MultilineTextField.swift */,
				019F62EF2947F8D10045FF39 /* EmailTextField.swift */,
				019F62F12948FBC90045FF39 /* CategoriesView.swift */,
				019F62F3294909AA0045FF39 /* StyledButton.swift */,
				0121566A2953ACD000C7D4DC /* Helper.swift */,
				012156732953B01D00C7D4DC /* ConcatenateAudioFiles.swift */,
			);
			path = Utils;
			sourceTree = "<group>";
		};
		0116A8CF28C3B6AF0050780B /* Items */ = {
			isa = PBXGroup;
			children = (
				0189DBBB27DC38EC00956E28 /* Card.swift */,
				0189DBBF27E03CBA00956E28 /* ListenLikeCount.swift */,
				0116A8DB28C3B9800050780B /* UserCell.swift */,
				014DF98228D29EF000E6A754 /* UserListView.swift */,
				014DF98C28D3AC8C00E6A754 /* HighlightsView.swift */,
				014DF98E28D3B7D300E6A754 /* HighlightCell.swift */,
				014DF99028D4D17D00E6A754 /* CategoryCell.swift */,
				014DF99228D4DE8400E6A754 /* CategoryGridView.swift */,
				0130F5352929808D0033BC32 /* LargeUserCell.swift */,
			);
			path = Items;
			sourceTree = "<group>";
		};
		0116A8D028C3B6BF0050780B /* Authentication */ = {
			isa = PBXGroup;
			children = (
				01D0460928E9F3A900038C1C /* LoginView.swift */,
				0198C7D828EA080500676189 /* RegistrationView.swift */,
				0198C7DC28EA111300676189 /* ForgetPasswordView.swift */,
			);
			path = Authentication;
			sourceTree = "<group>";
		};
		0116A8D128C3B6D00050780B /* Notifications */ = {
			isa = PBXGroup;
			children = (
				014DF98828D3A78300E6A754 /* NotificationsView.swift */,
				014DF98A28D3A7C900E6A754 /* NotificationCell.swift */,
			);
			path = Notifications;
			sourceTree = "<group>";
		};
		0116A8D228C3B6DD0050780B /* Search */ = {
			isa = PBXGroup;
			children = (
				0116A8E028C3BEB60050780B /* SearchView.swift */,
				014DF97E28D17EBC00E6A754 /* SearchBar.swift */,
			);
			path = Search;
			sourceTree = "<group>";
		};
		0116A8D328C3B6EC0050780B /* Feed */ = {
			isa = PBXGroup;
			children = (
				018C4A53285194870029BEB1 /* Feed.swift */,
			);
			path = Feed;
			sourceTree = "<group>";
		};
		0116A8D428C3B6F50050780B /* Profile */ = {
			isa = PBXGroup;
			children = (
				018C4A5128516FE70029BEB1 /* ProfileView.swift */,
				014DF99428D4FF9A00E6A754 /* UserStatView.swift */,
				014DF99628D5000E00E6A754 /* ProfileHeaderView.swift */,
				014DF99828D5006200E6A754 /* ProfileActionButtonView.swift */,
			);
			path = Profile;
			sourceTree = "<group>";
		};
		0116A8D528C3B7030050780B /* UploadPost */ = {
			isa = PBXGroup;
			children = (
				0116A8DE28C3BE390050780B /* RecordPostView.swift */,
				019F62E92947D15E0045FF39 /* PlayBackPostView.swift */,
				019F62EB2947D1FA0045FF39 /* DetailPostView.swift */,
				012156752953B1FC00C7D4DC /* RecordingsList.swift */,
			);
			path = UploadPost;
			sourceTree = "<group>";
		};
		0116A8D628C3B70A0050780B /* Main */ = {
			isa = PBXGroup;
			children = (
				0189DBAC27D7035100956E28 /* ContentView.swift */,
				0198C7D428E9F9E900676189 /* TabBarView.swift */,
				019F62E72947C1040045FF39 /* MainTabView.swift */,
			);
			path = Main;
			sourceTree = "<group>";
		};
		0116A8D828C3B7BC0050780B /* Authentication */ = {
			isa = PBXGroup;
			children = (
				010B6B8D2915B3B800A13DC8 /* AuthViewModel.swift */,
			);
			path = Authentication;
			sourceTree = "<group>";
		};
		0116A8D928C3B7C70050780B /* Notifications */ = {
			isa = PBXGroup;
			children = (
			);
			path = Notifications;
			sourceTree = "<group>";
		};
		0116A8DA28C3B7D00050780B /* Feed */ = {
			isa = PBXGroup;
			children = (
				0130F537292981A80033BC32 /* SearchViewModel.swift */,
				01818DBB2970D06E008B4EB3 /* FeedViewModel.swift */,
			);
			path = Feed;
			sourceTree = "<group>";
		};
		0121566E2953AD7B00C7D4DC /* Post */ = {
			isa = PBXGroup;
			children = (
				0121566F2953ADD600C7D4DC /* AudioRecorderViewModel.swift */,
				012156712953AF3B00C7D4DC /* PreviewAudioPlayerViewModel.swift */,
				01AA96E729665C7E00011F52 /* UploadPostViewModel.swift */,
			);
			path = Post;
			sourceTree = "<group>";
		};
		0189DB9E27D7035100956E28 = {
			isa = PBXGroup;
			children = (
				0189DBA927D7035100956E28 /* Cassetta */,
				0189DBA827D7035100956E28 /* Products */,
			);
			sourceTree = "<group>";
		};
		0189DBA827D7035100956E28 /* Products */ = {
			isa = PBXGroup;
			children = (
				0189DBA727D7035100956E28 /* Cassetta.app */,
			);
			name = Products;
			sourceTree = "<group>";
		};
		0189DBA927D7035100956E28 /* Cassetta */ = {
			isa = PBXGroup;
			children = (
				015AA3BD2950269E000BC6F5 /* Info.plist */,
				0189DBAA27D7035100956E28 /* CassettaApp.swift */,
				010B6B8B2915AFDD00A13DC8 /* GoogleService-Info.plist */,
				0189DBAE27D7035400956E28 /* Assets.xcassets */,
				0116A8CD28C3B66B0050780B /* API */,
				0116A8CC28C3B6620050780B /* Model */,
				0189DBB027D7035400956E28 /* Preview Content */,
				0116A8CE28C3B6730050780B /* Utils */,
				0189DBBA27DC38C700956E28 /* View */,
				0116A8CB28C3B5CE0050780B /* ViewModel */,
			);
			path = Cassetta;
			sourceTree = "<group>";
		};
		0189DBB027D7035400956E28 /* Preview Content */ = {
			isa = PBXGroup;
			children = (
				0189DBB127D7035400956E28 /* Preview Assets.xcassets */,
			);
			path = "Preview Content";
			sourceTree = "<group>";
		};
		0189DBBA27DC38C700956E28 /* View */ = {
			isa = PBXGroup;
			children = (
				01DAE9D328DF88C500F61034 /* Player */,
				0116A8D028C3B6BF0050780B /* Authentication */,
				0116A8D328C3B6EC0050780B /* Feed */,
				0116A8CF28C3B6AF0050780B /* Items */,
				0116A8D628C3B70A0050780B /* Main */,
				0116A8D128C3B6D00050780B /* Notifications */,
				0116A8D428C3B6F50050780B /* Profile */,
				0116A8D228C3B6DD0050780B /* Search */,
				0116A8D528C3B7030050780B /* UploadPost */,
			);
			path = View;
			sourceTree = "<group>";
		};
		01C078F32919A5F100EBD7C1 /* Profile */ = {
			isa = PBXGroup;
			children = (
				015E087F292EF48400350D13 /* ProfileViewModel.swift */,
			);
			path = Profile;
			sourceTree = "<group>";
		};
		01DAE9D328DF88C500F61034 /* Player */ = {
			isa = PBXGroup;
			children = (
				01DAE9CF28DF83E400F61034 /* PlayerView.swift */,
				015CE4E2293AA2F50096D35C /* BottomControlsView.swift */,
				01C42088293AB528003FF2D5 /* PlayerContentView.swift */,
				01C4208A293AB7EA003FF2D5 /* CommentsView.swift */,
				01C4208C293AC621003FF2D5 /* CommentCell.swift */,
			);
			path = Player;
			sourceTree = "<group>";
		};
/* End PBXGroup section */

/* Begin PBXNativeTarget section */
		0189DBA627D7035100956E28 /* Cassetta */ = {
			isa = PBXNativeTarget;
			buildConfigurationList = 0189DBB527D7035500956E28 /* Build configuration list for PBXNativeTarget "Cassetta" */;
			buildPhases = (
				0189DBA327D7035100956E28 /* Sources */,
				0189DBA427D7035100956E28 /* Frameworks */,
				0189DBA527D7035100956E28 /* Resources */,
			);
			buildRules = (
			);
			dependencies = (
			);
			name = Cassetta;
			packageProductDependencies = (
				010251552926EE2700908D62 /* FirebaseAnalytics */,
				010251572926EE2700908D62 /* FirebaseAuth */,
				010251592926EE2700908D62 /* FirebaseDatabase */,
				0102515B2926EE2700908D62 /* FirebaseDatabaseSwift */,
				0102515D2926EE2700908D62 /* FirebaseDynamicLinks */,
				0102515F2926EE2700908D62 /* FirebaseFirestore */,
				010251612926EE2700908D62 /* FirebaseFirestoreSwift */,
				010251632926EE2700908D62 /* FirebaseFunctions */,
				010251652926EE2700908D62 /* FirebaseMessaging */,
				010251672926EE2700908D62 /* FirebaseStorage */,
				0102516A2926EEF400908D62 /* Kingfisher */,
				01ECA3EF2979B45A00AB9082 /* LNPopupUI-Static */,
			);
			productName = Cassetta;
			productReference = 0189DBA727D7035100956E28 /* Cassetta.app */;
			productType = "com.apple.product-type.application";
		};
/* End PBXNativeTarget section */

/* Begin PBXProject section */
		0189DB9F27D7035100956E28 /* Project object */ = {
			isa = PBXProject;
			attributes = {
				BuildIndependentTargetsInParallel = 1;
				LastSwiftUpdateCheck = 1320;
				LastUpgradeCheck = 1320;
				TargetAttributes = {
					0189DBA627D7035100956E28 = {
						CreatedOnToolsVersion = 13.2.1;
					};
				};
			};
			buildConfigurationList = 0189DBA227D7035100956E28 /* Build configuration list for PBXProject "Cassetta" */;
			compatibilityVersion = "Xcode 13.0";
			developmentRegion = en;
			hasScannedForEncodings = 0;
			knownRegions = (
				en,
				Base,
			);
			mainGroup = 0189DB9E27D7035100956E28;
			packageReferences = (
				010251542926EE2700908D62 /* XCRemoteSwiftPackageReference "firebase-ios-sdk" */,
				010251692926EEF400908D62 /* XCRemoteSwiftPackageReference "Kingfisher" */,
				01ECA3EE2979B45A00AB9082 /* XCRemoteSwiftPackageReference "LNPopupUI" */,
			);
			productRefGroup = 0189DBA827D7035100956E28 /* Products */;
			projectDirPath = "";
			projectRoot = "";
			targets = (
				0189DBA627D7035100956E28 /* Cassetta */,
			);
		};
/* End PBXProject section */

/* Begin PBXResourcesBuildPhase section */
		0189DBA527D7035100956E28 /* Resources */ = {
			isa = PBXResourcesBuildPhase;
			buildActionMask = 2147483647;
			files = (
				0189DBB227D7035500956E28 /* Preview Assets.xcassets in Resources */,
				0189DBAF27D7035400956E28 /* Assets.xcassets in Resources */,
				010B6B8C2915AFDD00A13DC8 /* GoogleService-Info.plist in Resources */,
			);
			runOnlyForDeploymentPostprocessing = 0;
		};
/* End PBXResourcesBuildPhase section */

/* Begin PBXSourcesBuildPhase section */
		0189DBA327D7035100956E28 /* Sources */ = {
			isa = PBXSourcesBuildPhase;
			buildActionMask = 2147483647;
			files = (
				0198C7D728EA048C00676189 /* CustomSecureField.swift in Sources */,
				014DF99128D4D17D00E6A754 /* CategoryCell.swift in Sources */,
				0198C7D528E9F9E900676189 /* TabBarView.swift in Sources */,
				0130F538292981A80033BC32 /* SearchViewModel.swift in Sources */,
				01818DBA2970C961008B4EB3 /* Post.swift in Sources */,
				0189DBAD27D7035100956E28 /* ContentView.swift in Sources */,
				014DF99928D5006200E6A754 /* ProfileActionButtonView.swift in Sources */,
				0116A8E128C3BEB60050780B /* SearchView.swift in Sources */,
				0121566B2953ACD000C7D4DC /* Helper.swift in Sources */,
				018C4A54285194870029BEB1 /* Feed.swift in Sources */,
				0189DBC027E03CBA00956E28 /* ListenLikeCount.swift in Sources */,
				018C4A5228516FE70029BEB1 /* ProfileView.swift in Sources */,
				01D0460C28E9F4C200038C1C /* CustomTextField.swift in Sources */,
				014DF99328D4DE8400E6A754 /* CategoryGridView.swift in Sources */,
				0130F5362929808D0033BC32 /* LargeUserCell.swift in Sources */,
				019F62EA2947D15E0045FF39 /* PlayBackPostView.swift in Sources */,
				019F62F4294909AA0045FF39 /* StyledButton.swift in Sources */,
				01AA96E829665C7E00011F52 /* UploadPostViewModel.swift in Sources */,
				010B6B8E2915B3B800A13DC8 /* AuthViewModel.swift in Sources */,
				01473BFF29232058004E0429 /* ImageUploader.swift in Sources */,
				014DF99728D5000E00E6A754 /* ProfileHeaderView.swift in Sources */,
				0198C7DD28EA111400676189 /* ForgetPasswordView.swift in Sources */,
				01D0460A28E9F3A900038C1C /* LoginView.swift in Sources */,
				01C4208B293AB7EA003FF2D5 /* CommentsView.swift in Sources */,
				0189DBBC27DC38EC00956E28 /* Card.swift in Sources */,
				0198C7D928EA080500676189 /* RegistrationView.swift in Sources */,
				014DF98F28D3B7D400E6A754 /* HighlightCell.swift in Sources */,
				014DF98B28D3A7C900E6A754 /* NotificationCell.swift in Sources */,
				01AA96E62966524900011F52 /* AudioUploader.swift in Sources */,
				012156742953B01D00C7D4DC /* ConcatenateAudioFiles.swift in Sources */,
				014DF98D28D3AC8C00E6A754 /* HighlightsView.swift in Sources */,
				014DF99528D4FF9A00E6A754 /* UserStatView.swift in Sources */,
				019F62E82947C1040045FF39 /* MainTabView.swift in Sources */,
				0102516D2926F39E00908D62 /* User.swift in Sources */,
				0102516F2926F58900908D62 /* Constants.swift in Sources */,
				014DF98128D1807500E6A754 /* Extensions.swift in Sources */,
				012156762953B1FC00C7D4DC /* RecordingsList.swift in Sources */,
				019F62F02947F8D10045FF39 /* EmailTextField.swift in Sources */,
				01C42089293AB528003FF2D5 /* PlayerContentView.swift in Sources */,
				01C4208D293AC621003FF2D5 /* CommentCell.swift in Sources */,
				012156702953ADD600C7D4DC /* AudioRecorderViewModel.swift in Sources */,
				0116A8DF28C3BE390050780B /* RecordPostView.swift in Sources */,
				0189DBAB27D7035100956E28 /* CassettaApp.swift in Sources */,
				0121566D2953AD3100C7D4DC /* RecordingDataModel.swift in Sources */,
				014DF97F28D17EBC00E6A754 /* SearchBar.swift in Sources */,
				019F62EC2947D1FA0045FF39 /* DetailPostView.swift in Sources */,
				015E087E292EE19700350D13 /* UserService.swift in Sources */,
				019F62EE2947E9F40045FF39 /* MultilineTextField.swift in Sources */,
				01818DBC2970D06E008B4EB3 /* FeedViewModel.swift in Sources */,
				01DAE9D028DF83E400F61034 /* PlayerView.swift in Sources */,
				0116A8DC28C3B9800050780B /* UserCell.swift in Sources */,
				019F62F22948FBC90045FF39 /* CategoriesView.swift in Sources */,
				0198C7DB28EA08C200676189 /* ImagePicker.swift in Sources */,
				015E0880292EF48400350D13 /* ProfileViewModel.swift in Sources */,
				014DF98328D29EF000E6A754 /* UserListView.swift in Sources */,
				014DF98928D3A78300E6A754 /* NotificationsView.swift in Sources */,
				015CE4E3293AA2F50096D35C /* BottomControlsView.swift in Sources */,
				012156722953AF3B00C7D4DC /* PreviewAudioPlayerViewModel.swift in Sources */,
			);
			runOnlyForDeploymentPostprocessing = 0;
		};
/* End PBXSourcesBuildPhase section */

/* Begin XCBuildConfiguration section */
		0189DBB327D7035500956E28 /* Debug */ = {
			isa = XCBuildConfiguration;
			buildSettings = {
				ALWAYS_SEARCH_USER_PATHS = NO;
				CLANG_ANALYZER_NONNULL = YES;
				CLANG_ANALYZER_NUMBER_OBJECT_CONVERSION = YES_AGGRESSIVE;
				CLANG_CXX_LANGUAGE_STANDARD = "gnu++17";
				CLANG_CXX_LIBRARY = "libc++";
				CLANG_ENABLE_MODULES = YES;
				CLANG_ENABLE_OBJC_ARC = YES;
				CLANG_ENABLE_OBJC_WEAK = YES;
				CLANG_WARN_BLOCK_CAPTURE_AUTORELEASING = YES;
				CLANG_WARN_BOOL_CONVERSION = YES;
				CLANG_WARN_COMMA = YES;
				CLANG_WARN_CONSTANT_CONVERSION = YES;
				CLANG_WARN_DEPRECATED_OBJC_IMPLEMENTATIONS = YES;
				CLANG_WARN_DIRECT_OBJC_ISA_USAGE = YES_ERROR;
				CLANG_WARN_DOCUMENTATION_COMMENTS = YES;
				CLANG_WARN_EMPTY_BODY = YES;
				CLANG_WARN_ENUM_CONVERSION = YES;
				CLANG_WARN_INFINITE_RECURSION = YES;
				CLANG_WARN_INT_CONVERSION = YES;
				CLANG_WARN_NON_LITERAL_NULL_CONVERSION = YES;
				CLANG_WARN_OBJC_IMPLICIT_RETAIN_SELF = YES;
				CLANG_WARN_OBJC_LITERAL_CONVERSION = YES;
				CLANG_WARN_OBJC_ROOT_CLASS = YES_ERROR;
				CLANG_WARN_QUOTED_INCLUDE_IN_FRAMEWORK_HEADER = YES;
				CLANG_WARN_RANGE_LOOP_ANALYSIS = YES;
				CLANG_WARN_STRICT_PROTOTYPES = YES;
				CLANG_WARN_SUSPICIOUS_MOVE = YES;
				CLANG_WARN_UNGUARDED_AVAILABILITY = YES_AGGRESSIVE;
				CLANG_WARN_UNREACHABLE_CODE = YES;
				CLANG_WARN__DUPLICATE_METHOD_MATCH = YES;
				COPY_PHASE_STRIP = NO;
				DEBUG_INFORMATION_FORMAT = dwarf;
				ENABLE_STRICT_OBJC_MSGSEND = YES;
				ENABLE_TESTABILITY = YES;
				GCC_C_LANGUAGE_STANDARD = gnu11;
				GCC_DYNAMIC_NO_PIC = NO;
				GCC_NO_COMMON_BLOCKS = YES;
				GCC_OPTIMIZATION_LEVEL = 0;
				GCC_PREPROCESSOR_DEFINITIONS = (
					"DEBUG=1",
					"$(inherited)",
				);
				GCC_WARN_64_TO_32_BIT_CONVERSION = YES;
				GCC_WARN_ABOUT_RETURN_TYPE = YES_ERROR;
				GCC_WARN_UNDECLARED_SELECTOR = YES;
				GCC_WARN_UNINITIALIZED_AUTOS = YES_AGGRESSIVE;
				GCC_WARN_UNUSED_FUNCTION = YES;
				GCC_WARN_UNUSED_VARIABLE = YES;
				IPHONEOS_DEPLOYMENT_TARGET = 15.2;
				MTL_ENABLE_DEBUG_INFO = INCLUDE_SOURCE;
				MTL_FAST_MATH = YES;
				ONLY_ACTIVE_ARCH = YES;
				SDKROOT = iphoneos;
				SWIFT_ACTIVE_COMPILATION_CONDITIONS = DEBUG;
				SWIFT_OPTIMIZATION_LEVEL = "-Onone";
			};
			name = Debug;
		};
		0189DBB427D7035500956E28 /* Release */ = {
			isa = XCBuildConfiguration;
			buildSettings = {
				ALWAYS_SEARCH_USER_PATHS = NO;
				CLANG_ANALYZER_NONNULL = YES;
				CLANG_ANALYZER_NUMBER_OBJECT_CONVERSION = YES_AGGRESSIVE;
				CLANG_CXX_LANGUAGE_STANDARD = "gnu++17";
				CLANG_CXX_LIBRARY = "libc++";
				CLANG_ENABLE_MODULES = YES;
				CLANG_ENABLE_OBJC_ARC = YES;
				CLANG_ENABLE_OBJC_WEAK = YES;
				CLANG_WARN_BLOCK_CAPTURE_AUTORELEASING = YES;
				CLANG_WARN_BOOL_CONVERSION = YES;
				CLANG_WARN_COMMA = YES;
				CLANG_WARN_CONSTANT_CONVERSION = YES;
				CLANG_WARN_DEPRECATED_OBJC_IMPLEMENTATIONS = YES;
				CLANG_WARN_DIRECT_OBJC_ISA_USAGE = YES_ERROR;
				CLANG_WARN_DOCUMENTATION_COMMENTS = YES;
				CLANG_WARN_EMPTY_BODY = YES;
				CLANG_WARN_ENUM_CONVERSION = YES;
				CLANG_WARN_INFINITE_RECURSION = YES;
				CLANG_WARN_INT_CONVERSION = YES;
				CLANG_WARN_NON_LITERAL_NULL_CONVERSION = YES;
				CLANG_WARN_OBJC_IMPLICIT_RETAIN_SELF = YES;
				CLANG_WARN_OBJC_LITERAL_CONVERSION = YES;
				CLANG_WARN_OBJC_ROOT_CLASS = YES_ERROR;
				CLANG_WARN_QUOTED_INCLUDE_IN_FRAMEWORK_HEADER = YES;
				CLANG_WARN_RANGE_LOOP_ANALYSIS = YES;
				CLANG_WARN_STRICT_PROTOTYPES = YES;
				CLANG_WARN_SUSPICIOUS_MOVE = YES;
				CLANG_WARN_UNGUARDED_AVAILABILITY = YES_AGGRESSIVE;
				CLANG_WARN_UNREACHABLE_CODE = YES;
				CLANG_WARN__DUPLICATE_METHOD_MATCH = YES;
				COPY_PHASE_STRIP = NO;
				DEBUG_INFORMATION_FORMAT = "dwarf-with-dsym";
				ENABLE_NS_ASSERTIONS = NO;
				ENABLE_STRICT_OBJC_MSGSEND = YES;
				GCC_C_LANGUAGE_STANDARD = gnu11;
				GCC_NO_COMMON_BLOCKS = YES;
				GCC_WARN_64_TO_32_BIT_CONVERSION = YES;
				GCC_WARN_ABOUT_RETURN_TYPE = YES_ERROR;
				GCC_WARN_UNDECLARED_SELECTOR = YES;
				GCC_WARN_UNINITIALIZED_AUTOS = YES_AGGRESSIVE;
				GCC_WARN_UNUSED_FUNCTION = YES;
				GCC_WARN_UNUSED_VARIABLE = YES;
				IPHONEOS_DEPLOYMENT_TARGET = 15.2;
				MTL_ENABLE_DEBUG_INFO = NO;
				MTL_FAST_MATH = YES;
				SDKROOT = iphoneos;
				SWIFT_COMPILATION_MODE = wholemodule;
				SWIFT_OPTIMIZATION_LEVEL = "-O";
				VALIDATE_PRODUCT = YES;
			};
			name = Release;
		};
		0189DBB627D7035500956E28 /* Debug */ = {
			isa = XCBuildConfiguration;
			buildSettings = {
				ASSETCATALOG_COMPILER_APPICON_NAME = AppIcon;
				ASSETCATALOG_COMPILER_GLOBAL_ACCENT_COLOR_NAME = AccentColor;
				CODE_SIGN_STYLE = Automatic;
				CURRENT_PROJECT_VERSION = 1;
				DEVELOPMENT_ASSET_PATHS = "\"Cassetta/Preview Content\"";
				DEVELOPMENT_TEAM = 2MWFTHNH2D;
				ENABLE_PREVIEWS = YES;
				GENERATE_INFOPLIST_FILE = YES;
				INFOPLIST_FILE = Cassetta/Info.plist;
				INFOPLIST_KEY_LSApplicationCategoryType = "public.app-category.social-networking";
				INFOPLIST_KEY_NSMicrophoneUsageDescription = "Cassetta needs access to the microphone for recording a posts audio.";
				INFOPLIST_KEY_UIApplicationSceneManifest_Generation = YES;
				INFOPLIST_KEY_UIApplicationSupportsIndirectInputEvents = YES;
				INFOPLIST_KEY_UILaunchScreen_Generation = YES;
				INFOPLIST_KEY_UISupportedInterfaceOrientations_iPad = "UIInterfaceOrientationPortrait UIInterfaceOrientationPortraitUpsideDown UIInterfaceOrientationLandscapeLeft UIInterfaceOrientationLandscapeRight";
				INFOPLIST_KEY_UISupportedInterfaceOrientations_iPhone = UIInterfaceOrientationPortrait;
				INFOPLIST_KEY_UIUserInterfaceStyle = Light;
				LD_RUNPATH_SEARCH_PATHS = (
					"$(inherited)",
					"@executable_path/Frameworks",
				);
				MARKETING_VERSION = 1.0;
				PRODUCT_BUNDLE_IDENTIFIER = com.nickcancode.Cassetta;
				PRODUCT_NAME = "$(TARGET_NAME)";
				SWIFT_EMIT_LOC_STRINGS = YES;
				SWIFT_VERSION = 5.0;
				TARGETED_DEVICE_FAMILY = "1,2";
			};
			name = Debug;
		};
		0189DBB727D7035500956E28 /* Release */ = {
			isa = XCBuildConfiguration;
			buildSettings = {
				ASSETCATALOG_COMPILER_APPICON_NAME = AppIcon;
				ASSETCATALOG_COMPILER_GLOBAL_ACCENT_COLOR_NAME = AccentColor;
				CODE_SIGN_STYLE = Automatic;
				CURRENT_PROJECT_VERSION = 1;
				DEVELOPMENT_ASSET_PATHS = "\"Cassetta/Preview Content\"";
				DEVELOPMENT_TEAM = 2MWFTHNH2D;
				ENABLE_PREVIEWS = YES;
				GENERATE_INFOPLIST_FILE = YES;
				INFOPLIST_FILE = Cassetta/Info.plist;
				INFOPLIST_KEY_LSApplicationCategoryType = "public.app-category.social-networking";
				INFOPLIST_KEY_NSMicrophoneUsageDescription = "Cassetta needs access to the microphone for recording a posts audio.";
				INFOPLIST_KEY_UIApplicationSceneManifest_Generation = YES;
				INFOPLIST_KEY_UIApplicationSupportsIndirectInputEvents = YES;
				INFOPLIST_KEY_UILaunchScreen_Generation = YES;
				INFOPLIST_KEY_UISupportedInterfaceOrientations_iPad = "UIInterfaceOrientationPortrait UIInterfaceOrientationPortraitUpsideDown UIInterfaceOrientationLandscapeLeft UIInterfaceOrientationLandscapeRight";
				INFOPLIST_KEY_UISupportedInterfaceOrientations_iPhone = UIInterfaceOrientationPortrait;
				INFOPLIST_KEY_UIUserInterfaceStyle = Light;
				LD_RUNPATH_SEARCH_PATHS = (
					"$(inherited)",
					"@executable_path/Frameworks",
				);
				MARKETING_VERSION = 1.0;
				PRODUCT_BUNDLE_IDENTIFIER = com.nickcancode.Cassetta;
				PRODUCT_NAME = "$(TARGET_NAME)";
				SWIFT_EMIT_LOC_STRINGS = YES;
				SWIFT_VERSION = 5.0;
				TARGETED_DEVICE_FAMILY = "1,2";
			};
			name = Release;
		};
/* End XCBuildConfiguration section */

/* Begin XCConfigurationList section */
		0189DBA227D7035100956E28 /* Build configuration list for PBXProject "Cassetta" */ = {
			isa = XCConfigurationList;
			buildConfigurations = (
				0189DBB327D7035500956E28 /* Debug */,
				0189DBB427D7035500956E28 /* Release */,
			);
			defaultConfigurationIsVisible = 0;
			defaultConfigurationName = Release;
		};
		0189DBB527D7035500956E28 /* Build configuration list for PBXNativeTarget "Cassetta" */ = {
			isa = XCConfigurationList;
			buildConfigurations = (
				0189DBB627D7035500956E28 /* Debug */,
				0189DBB727D7035500956E28 /* Release */,
			);
			defaultConfigurationIsVisible = 0;
			defaultConfigurationName = Release;
		};
/* End XCConfigurationList section */

/* Begin XCRemoteSwiftPackageReference section */
		010251542926EE2700908D62 /* XCRemoteSwiftPackageReference "firebase-ios-sdk" */ = {
			isa = XCRemoteSwiftPackageReference;
			repositoryURL = "https://github.com/firebase/firebase-ios-sdk.git";
			requirement = {
				branch = master;
				kind = branch;
			};
		};
		010251692926EEF400908D62 /* XCRemoteSwiftPackageReference "Kingfisher" */ = {
			isa = XCRemoteSwiftPackageReference;
			repositoryURL = "https://github.com/onevcat/Kingfisher.git";
			requirement = {
				branch = master;
				kind = branch;
			};
		};
		01ECA3EE2979B45A00AB9082 /* XCRemoteSwiftPackageReference "LNPopupUI" */ = {
			isa = XCRemoteSwiftPackageReference;
			repositoryURL = "https://github.com/LeoNatan/LNPopupUI.git";
			requirement = {
				branch = master;
				kind = branch;
			};
		};
/* End XCRemoteSwiftPackageReference section */

/* Begin XCSwiftPackageProductDependency section */
		010251552926EE2700908D62 /* FirebaseAnalytics */ = {
			isa = XCSwiftPackageProductDependency;
			package = 010251542926EE2700908D62 /* XCRemoteSwiftPackageReference "firebase-ios-sdk" */;
			productName = FirebaseAnalytics;
		};
		010251572926EE2700908D62 /* FirebaseAuth */ = {
			isa = XCSwiftPackageProductDependency;
			package = 010251542926EE2700908D62 /* XCRemoteSwiftPackageReference "firebase-ios-sdk" */;
			productName = FirebaseAuth;
		};
		010251592926EE2700908D62 /* FirebaseDatabase */ = {
			isa = XCSwiftPackageProductDependency;
			package = 010251542926EE2700908D62 /* XCRemoteSwiftPackageReference "firebase-ios-sdk" */;
			productName = FirebaseDatabase;
		};
		0102515B2926EE2700908D62 /* FirebaseDatabaseSwift */ = {
			isa = XCSwiftPackageProductDependency;
			package = 010251542926EE2700908D62 /* XCRemoteSwiftPackageReference "firebase-ios-sdk" */;
			productName = FirebaseDatabaseSwift;
		};
		0102515D2926EE2700908D62 /* FirebaseDynamicLinks */ = {
			isa = XCSwiftPackageProductDependency;
			package = 010251542926EE2700908D62 /* XCRemoteSwiftPackageReference "firebase-ios-sdk" */;
			productName = FirebaseDynamicLinks;
		};
		0102515F2926EE2700908D62 /* FirebaseFirestore */ = {
			isa = XCSwiftPackageProductDependency;
			package = 010251542926EE2700908D62 /* XCRemoteSwiftPackageReference "firebase-ios-sdk" */;
			productName = FirebaseFirestore;
		};
		010251612926EE2700908D62 /* FirebaseFirestoreSwift */ = {
			isa = XCSwiftPackageProductDependency;
			package = 010251542926EE2700908D62 /* XCRemoteSwiftPackageReference "firebase-ios-sdk" */;
			productName = FirebaseFirestoreSwift;
		};
		010251632926EE2700908D62 /* FirebaseFunctions */ = {
			isa = XCSwiftPackageProductDependency;
			package = 010251542926EE2700908D62 /* XCRemoteSwiftPackageReference "firebase-ios-sdk" */;
			productName = FirebaseFunctions;
		};
		010251652926EE2700908D62 /* FirebaseMessaging */ = {
			isa = XCSwiftPackageProductDependency;
			package = 010251542926EE2700908D62 /* XCRemoteSwiftPackageReference "firebase-ios-sdk" */;
			productName = FirebaseMessaging;
		};
		010251672926EE2700908D62 /* FirebaseStorage */ = {
			isa = XCSwiftPackageProductDependency;
			package = 010251542926EE2700908D62 /* XCRemoteSwiftPackageReference "firebase-ios-sdk" */;
			productName = FirebaseStorage;
		};
		0102516A2926EEF400908D62 /* Kingfisher */ = {
			isa = XCSwiftPackageProductDependency;
			package = 010251692926EEF400908D62 /* XCRemoteSwiftPackageReference "Kingfisher" */;
			productName = Kingfisher;
		};
		01ECA3EF2979B45A00AB9082 /* LNPopupUI-Static */ = {
			isa = XCSwiftPackageProductDependency;
			package = 01ECA3EE2979B45A00AB9082 /* XCRemoteSwiftPackageReference "LNPopupUI" */;
			productName = "LNPopupUI-Static";
		};
/* End XCSwiftPackageProductDependency section */
	};
	rootObject = 0189DB9F27D7035100956E28 /* Project object */;
}
